{
  "lockfile-version": 1,
  "manifest": {
    "schema-version": "1.13.0",
    "install": {
      "cargo": {
        "pkg-path": "cargo",
        "version": "^1.95.0"
      },
      "claude-code": {
        "pkg-path": "claude-code",
        "pkg-group": "claude-code",
        "version": "^2.1.201"
      },
      "clippy": {
        "pkg-path": "clippy",
        "version": "^1.95.0"
      },
      "codex": {
        "pkg-path": "codex",
        "pkg-group": "codex",
        "version": "^0.139.0"
      },
      "infer": {
        "flake": "github:inference-gateway/cli/v0.137.0"
      },
      "markdownlint-cli": {
        "pkg-path": "markdownlint-cli",
        "version": "0.48.0"
      },
      "openssl": {
        "pkg-path": "openssl",
        "version": "^3.6.2",
        "outputs": "all"
      },
      "pkg-config": {
        "pkg-path": "pkg-config",
        "version": "^0.29.2",
        "outputs": "all"
      },
      "rustc": {
        "pkg-path": "rustc",
        "version": "^1.95.0",
        "outputs": "all"
      },
      "rustfmt": {
        "pkg-path": "rustfmt",
        "version": "^1.95.0"
      }
    },
    "profile": {
      "common": "  export PATH=\"$HOME/.local/bin:$PATH\"\n"
    },
    "options": {}
  },
  "packages": [
    {
      "attr_path": "claude-code",
      "broken": false,
      "derivation": "/nix/store/a4dizbyxlcf9s6r98dlcdin0cc4s26p7-claude-code-2.1.201.drv",
      "description": "Agentic coding tool that lives in your terminal, understands your codebase, and helps you code faster",
      "install_id": "claude-code",
      "license": "Unfree",
      "locked_url": "https://github.com/flox/nixpkgs?rev=d407951447dcd00442e97087bf374aad70c04cea",
      "name": "claude-code-2.1.201",
      "pname": "claude-code",
      "rev": "d407951447dcd00442e97087bf374aad70c04cea",
      "rev_count": 1027867,
      "rev_date": "2026-07-05T04:06:12Z",
      "scrape_date": "2026-07-06T03:12:55.152631Z",
      "stabilities": [
        "unstable"
      ],
      "unfree": true,
      "version": "2.1.201",
      "outputs_to_install": [
        "out"
      ],
      "outputs": {
        "out": "/nix/store/djcx0bg3258x3sjwcjbf6kr7f0xlr0wq-claude-code-2.1.201"
      },
      "system": "aarch64-darwin",
      "group": "claude-code",
      "priority": 5
    },
    {
      "attr_path": "claude-code",
      "broken": false,
      "derivation": "/nix/store/z8sidwsdz7fssg1inh0h1cdgsf0psm65-claude-code-2.1.201.drv",
      "description": "Agentic coding tool that lives in your terminal, understands your codebase, and helps you code faster",
      "install_id": "claude-code",
      "license": "Unfree",
      "locked_url": "https://github.com/flox/nixpkgs?rev=d407951447dcd00442e97087bf374aad70c04cea",
      "name": "claude-code-2.1.201",
      "pname": "claude-code",
      "rev": "d407951447dcd00442e97087bf374aad70c04cea",
      "rev_count": 1027867,
      "rev_date": "2026-07-05T04:06:12Z",
      "scrape_date": "2026-07-06T03:41:21.780601Z",
      "stabilities": [
        "unstable"
      ],
      "unfree": true,
      "version": "2.1.201",
      "outputs_to_install": [
        "out"
      ],
      "outputs": {
        "out": "/nix/store/fm203s00j5ignfgr4f05p2fc7ppmhfy0-claude-code-2.1.201"
      },
      "system": "aarch64-linux",
      "group": "claude-code",
      "priority": 5
    },
    {
      "attr_path": "claude-code",
      "broken": false,
      "derivation": "/nix/store/94k99z7q71qjfhf0h1524c9i14b5a8jm-claude-code-2.1.201.drv",
      "description": "Agentic coding tool that lives in your terminal, understands your codebase, and helps you code faster",
      "install_id": "claude-code",
      "license": "Unfree",
      "locked_url": "https://github.com/flox/nixpkgs?rev=d407951447dcd00442e97087bf374aad70c04cea",
      "name": "claude-code-2.1.201",
      "pname": "claude-code",
      "rev": "d407951447dcd00442e97087bf374aad70c04cea",
      "rev_count": 1027867,
      "rev_date": "2026-07-05T04:06:12Z",
      "scrape_date": "2026-07-06T04:09:00.518525Z",
      "stabilities": [
        "unstable"
      ],
      "unfree": true,
      "version": "2.1.201",
      "outputs_to_install": [
        "out"
      ],
      "outputs": {
        "out": "/nix/store/23hm04zk9nn86835a2985p7a5pfd62bb-claude-code-2.1.201"
      },
      "system": "x86_64-darwin",
      "group": "claude-code",
      "priority": 5
    },
    {
      "attr_path": "claude-code",
      "broken": false,
      "derivation": "/nix/store/igc75646h0srsbngdsqayh4swpkhnn04-claude-code-2.1.201.drv",
      "description": "Agentic coding tool that lives in your terminal, understands your codebase, and helps you code faster",
      "install_id": "claude-code",
      "license": "Unfree",
      "locked_url": "https://github.com/flox/nixpkgs?rev=d407951447dcd00442e97087bf374aad70c04cea",
      "name": "claude-code-2.1.201",
      "pname": "claude-code",
      "rev": "d407951447dcd00442e97087bf374aad70c04cea",
      "rev_count": 1027867,
      "rev_date": "2026-07-05T04:06:12Z",
      "scrape_date": "2026-07-06T04:40:24.423963Z",
      "stabilities": [
        "unstable"
      ],
      "unfree": true,
      "version": "2.1.201",
      "outputs_to_install": [
        "out"
      ],
      "outputs": {
        "out": "/nix/store/rjdsjk82kc3qyyizifdfbrnzwkdji3ib-claude-code-2.1.201"
      },
      "system": "x86_64-linux",
      "group": "claude-code",
      "priority": 5
    },
    {
      "attr_path": "codex",
      "broken": false,
      "derivation": "/nix/store/63vzjfrvmwix530d8sx5vxlpfzm6z20d-codex-0.139.0.drv",
      "description": "Lightweight coding agent that runs in your terminal",
      "install_id": "codex",
      "license": "Apache-2.0",
      "locked_url": "https://github.com/flox/nixpkgs?rev=567a49d1913ce81ac6e9582e3553dd90a955875f",
      "name": "codex-0.139.0",
      "pname": "codex",
      "rev": "567a49d1913ce81ac6e9582e3553dd90a955875f",
      "rev_count": 1017464,
      "rev_date": "2026-06-16T02:33:49Z",
      "scrape_date": "2026-06-17T03:13:13.967897Z",
      "stabilities": [
        "unstable"
      ],
      "unfree": false,
      "version": "0.139.0",
      "outputs_to_install": [
        "out"
      ],
      "outputs": {
        "out": "/nix/store/kk6w91iazm0qsn6rmx2bpzrcr7z5050g-codex-0.139.0"
      },
      "system": "aarch64-darwin",
      "group": "codex",
      "priority": 5
    },
    {
      "attr_path": "codex",
      "broken": false,
      "derivation": "/nix/store/pjx1j4gxicpfr57rx70kb3b1cdcfb2xl-codex-0.139.0.drv",
      "description": "Lightweight coding agent that runs in your terminal",
      "install_id": "codex",
      "license": "Apache-2.0",
      "locked_url": "https://github.com/flox/nixpkgs?rev=567a49d1913ce81ac6e9582e3553dd90a955875f",
      "name": "codex-0.139.0",
      "pname": "codex",
      "rev": "567a49d1913ce81ac6e9582e3553dd90a955875f",
      "rev_count": 1017464,
      "rev_date": "2026-06-16T02:33:49Z",
      "scrape_date": "2026-06-17T03:44:08.386385Z",
      "stabilities": [
        "unstable"
      ],
      "unfree": false,
      "version": "0.139.0",
      "outputs_to_install": [
        "out"
      ],
      "outputs": {
        "out": "/nix/store/c6xw394r6jiy6hdw83ffhsvmv92mra6c-codex-0.139.0"
      },
      "system": "aarch64-linux",
      "group": "codex",
      "priority": 5
    },
    {
      "attr_path": "codex",
      "broken": false,
      "derivation": "/nix/store/sl1jk4cj928gk394igx2nrjdshlaknjy-codex-0.139.0.drv",
      "description": "Lightweight coding agent that runs in your terminal",
      "install_id": "codex",
      "license": "Apache-2.0",
      "locked_url": "https://github.com/flox/nixpkgs?rev=567a49d1913ce81ac6e9582e3553dd90a955875f",
      "name": "codex-0.139.0",
      "pname": "codex",
      "rev": "567a49d1913ce81ac6e9582e3553dd90a955875f",
      "rev_count": 1017464,
      "rev_date": "2026-06-16T02:33:49Z",
      "scrape_date": "2026-06-17T04:13:06.227650Z",
      "stabilities": [
        "unstable"
      ],
      "unfree": false,
      "version": "0.139.0",
      "outputs_to_install": [
        "out"
      ],
      "outputs": {
        "out": "/nix/store/qyk42m792rd2z9qcdpnv32d0qymf6aaw-codex-0.139.0"
      },
      "system": "x86_64-darwin",
      "group": "codex",
      "priority": 5
    },
    {
      "attr_path": "codex",
      "broken": false,
      "derivation": "/nix/store/drabk2w3g0lga6pxhav1h0pqk25yxsj6-codex-0.139.0.drv",
      "description": "Lightweight coding agent that runs in your terminal",
      "install_id": "codex",
      "license": "Apache-2.0",
      "locked_url": "https://github.com/flox/nixpkgs?rev=567a49d1913ce81ac6e9582e3553dd90a955875f",
      "name": "codex-0.139.0",
      "pname": "codex",
      "rev": "567a49d1913ce81ac6e9582e3553dd90a955875f",
      "rev_count": 1017464,
      "rev_date": "2026-06-16T02:33:49Z",
      "scrape_date": "2026-06-17T04:47:04.431620Z",
      "stabilities": [
        "unstable"
      ],
      "unfree": false,
      "version": "0.139.0",
      "outputs_to_install": [
        "out"
      ],
      "outputs": {
        "out": "/nix/store/9li75nh4fyk2m574lmim7wnjqm49hl39-codex-0.139.0"
      },
      "system": "x86_64-linux",
      "group": "codex",
      "priority": 5
    },
    {
      "attr_path": "cargo",
      "broken": false,
      "derivation": "/nix/store/b14dqy4kjc9q9jrlhky152garvv35hpz-cargo-1.95.0.drv",
      "description": "Downloads your Rust project's dependencies and builds your project",
      "install_id": "cargo",
      "license": "[ MIT, Apache-2.0 ]",
      "locked_url": "https://github.com/flox/nixpkgs?rev=567a49d1913ce81ac6e9582e3553dd90a955875f",
      "name": "cargo-1.95.0",
      "pname": "cargo",
      "rev": "567a49d1913ce81ac6e9582e3553dd90a955875f",
      "rev_count": 1017464,
      "rev_date": "2026-06-16T02:33:49Z",
      "scrape_date": "2026-06-17T03:13:13.733229Z",
      "stabilities": [
        "unstable"
      ],
      "unfree": false,
      "version": "1.95.0",
      "outputs_to_install": [
        "out"
      ],
      "outputs": {
        "out": "/nix/store/2vdxz4xwplgb5rgfhqr0jr85fd7qqgmb-cargo-1.95.0"
      },
      "system": "aarch64-darwin",
      "group": "toplevel",
      "priority": 5
    },
    {
      "attr_path": "cargo",
      "broken": false,
      "derivation": "/nix/store/x38r6h8lcv13fan2pp27kcwvb06qagrn-cargo-1.95.0.drv",
      "description": "Downloads your Rust project's dependencies and builds your project",
      "install_id": "cargo",
      "license": "[ MIT, Apache-2.0 ]",
      "locked_url": "https://github.com/flox/nixpkgs?rev=567a49d1913ce81ac6e9582e3553dd90a955875f",
      "name": "cargo-1.95.0",
      "pname": "cargo",
      "rev": "567a49d1913ce81ac6e9582e3553dd90a955875f",
      "rev_count": 1017464,
      "rev_date": "2026-06-16T02:33:49Z",
      "scrape_date": "2026-06-17T03:44:08.093160Z",
      "stabilities": [
        "unstable"
      ],
      "unfree": false,
      "version": "1.95.0",
      "outputs_to_install": [
        "out"
      ],
      "outputs": {
        "out": "/nix/store/f8rxcxfwk1qhazprqnfji401x08xp9dr-cargo-1.95.0"
      },
      "system": "aarch64-linux",
      "group": "toplevel",
      "priority": 5
    },
    {
      "attr_path": "cargo",
      "broken": false,
      "derivation": "/nix/store/pvwl1nixrgwmgqa82ka4f8977qyd2iky-cargo-1.95.0.drv",
      "description": "Downloads your Rust project's dependencies and builds your project",
      "install_id": "cargo",
      "license": "[ MIT, Apache-2.0 ]",
      "locked_url": "https://github.com/flox/nixpkgs?rev=567a49d1913ce81ac6e9582e3553dd90a955875f",
      "name": "cargo-1.95.0",
      "pname": "cargo",
      "rev": "567a49d1913ce81ac6e9582e3553dd90a955875f",
      "rev_count": 1017464,
      "rev_date": "2026-06-16T02:33:49Z",
      "scrape_date": "2026-06-17T04:13:05.992821Z",
      "stabilities": [
        "unstable"
      ],
      "unfree": false,
      "version": "1.95.0",
      "outputs_to_install": [
        "out"
      ],
      "outputs": {
        "out": "/nix/store/5z8rq35zk9jqnnfw4m49fwpgq7phdhai-cargo-1.95.0"
      },
      "system": "x86_64-darwin",
      "group": "toplevel",
      "priority": 5
    },
    {
      "attr_path": "cargo",
      "broken": false,
      "derivation": "/nix/store/nq57nj4q6nqfbqvy36n0zsy4qzbqcy4r-cargo-1.95.0.drv",
      "description": "Downloads your Rust project's dependencies and builds your project",
      "install_id": "cargo",
      "license": "[ MIT, Apache-2.0 ]",
      "locked_url": "https://github.com/flox/nixpkgs?rev=567a49d1913ce81ac6e9582e3553dd90a955875f",
      "name": "cargo-1.95.0",
      "pname": "cargo",
      "rev": "567a49d1913ce81ac6e9582e3553dd90a955875f",
      "rev_count": 1017464,
      "rev_date": "2026-06-16T02:33:49Z",
      "scrape_date": "2026-06-17T04:47:04.115485Z",
      "stabilities": [
        "unstable"
      ],
      "unfree": false,
      "version": "1.95.0",
      "outputs_to_install": [
        "out"
      ],
      "outputs": {
        "out": "/nix/store/z480b23kymbmrijrl49246mrzyphli15-cargo-1.95.0"
      },
      "system": "x86_64-linux",
      "group": "toplevel",
      "priority": 5
    },
    {
      "attr_path": "clippy",
      "broken": false,
      "derivation": "/nix/store/q0q9zkyyssgcaz3q8h0sygylf1wsac7a-clippy-1.95.0.drv",
      "description": "Bunch of lints to catch common mistakes and improve your Rust code",
      "install_id": "clippy",
      "license": "[ MIT, Apache-2.0 ]",
      "locked_url": "https://github.com/flox/nixpkgs?rev=567a49d1913ce81ac6e9582e3553dd90a955875f",
      "name": "clippy-1.95.0",
      "pname": "clippy",
      "rev": "567a49d1913ce81ac6e9582e3553dd90a955875f",
      "rev_count": 1017464,
      "rev_date": "2026-06-16T02:33:49Z",
      "scrape_date": "2026-06-17T03:13:13.927927Z",
      "stabilities": [
        "unstable"
      ],
      "unfree": false,
      "version": "1.95.0",
      "outputs_to_install": [
        "out"
      ],
      "outputs": {
        "out": "/nix/store/zzzj3civ800ml2hv9czssyzsbfxl2ss7-clippy-1.95.0"
      },
      "system": "aarch64-darwin",
      "group": "toplevel",
      "priority": 5
    },
    {
      "attr_path": "clippy",
      "broken": false,
      "derivation": "/nix/store/kkic99bv2aw2567drfs4sqpawcz2589y-clippy-1.95.0.drv",
      "description": "Bunch of lints to catch common mistakes and improve your Rust code",
      "install_id": "clippy",
      "license": "[ MIT, Apache-2.0 ]",
      "locked_url": "https://github.com/flox/nixpkgs?rev=567a49d1913ce81ac6e9582e3553dd90a955875f",
      "name": "clippy-1.95.0",
      "pname": "clippy",
      "rev": "567a49d1913ce81ac6e9582e3553dd90a955875f",
      "rev_count": 1017464,
      "rev_date": "2026-06-16T02:33:49Z",
      "scrape_date": "2026-06-17T03:44:08.340930Z",
      "stabilities": [
        "unstable"
      ],
      "unfree": false,
      "version": "1.95.0",
      "outputs_to_install": [
        "out"
      ],
      "outputs": {
        "debug": "/nix/store/a9j78978hxxwwbr7nbbmwl110ljsv192-clippy-1.95.0-debug",
        "out": "/nix/store/03g145gvrijz5wryc6538m3ayzgbmlq0-clippy-1.95.0"
      },
      "system": "aarch64-linux",
      "group": "toplevel",
      "priority": 5
    },
    {
      "attr_path": "clippy",
      "broken": false,
      "derivation": "/nix/store/hxq96whjslqccrq1225yn4bygvlwxg8s-clippy-1.95.0.drv",
      "description": "Bunch of lints to catch common mistakes and improve your Rust code",
      "install_id": "clippy",
      "license": "[ MIT, Apache-2.0 ]",
      "locked_url": "https://github.com/flox/nixpkgs?rev=567a49d1913ce81ac6e9582e3553dd90a955875f",
      "name": "clippy-1.95.0",
      "pname": "clippy",
      "rev": "567a49d1913ce81ac6e9582e3553dd90a955875f",
      "rev_count": 1017464,
      "rev_date": "2026-06-16T02:33:49Z",
      "scrape_date": "2026-06-17T04:13:06.193420Z",
      "stabilities": [
        "unstable"
      ],
      "unfree": false,
      "version": "1.95.0",
      "outputs_to_install": [
        "out"
      ],
      "outputs": {
        "out": "/nix/store/ipr8v8md5glz2c6nd1zi7193s62va753-clippy-1.95.0"
      },
      "system": "x86_64-darwin",
      "group": "toplevel",
      "priority": 5
    },
    {
      "attr_path": "clippy",
      "broken": false,
      "derivation": "/nix/store/p4ljsv7dv7pshx5vx98556hywhzqm2ak-clippy-1.95.0.drv",
      "description": "Bunch of lints to catch common mistakes and improve your Rust code",
      "install_id": "clippy",
      "license": "[ MIT, Apache-2.0 ]",
      "locked_url": "https://github.com/flox/nixpkgs?rev=567a49d1913ce81ac6e9582e3553dd90a955875f",
      "name": "clippy-1.95.0",
      "pname": "clippy",
      "rev": "567a49d1913ce81ac6e9582e3553dd90a955875f",
      "rev_count": 1017464,
      "rev_date": "2026-06-16T02:33:49Z",
      "scrape_date": "2026-06-17T04:47:04.382852Z",
      "stabilities": [
        "unstable"
      ],
      "unfree": false,
      "version": "1.95.0",
      "outputs_to_install": [
        "out"
      ],
      "outputs": {
        "debug": "/nix/store/clml4f18gybrzp40n0mhq8kv0rw98rmq-clippy-1.95.0-debug",
        "out": "/nix/store/42vpa7gg09gs6x9v4y7aizmxwmrc35ac-clippy-1.95.0"
      },
      "system": "x86_64-linux",
      "group": "toplevel",
      "priority": 5
    },
    {
      "attr_path": "markdownlint-cli",
      "broken": false,
      "derivation": "/nix/store/brynnaf55f76ykkn40m1zbqicp6qmwz0-markdownlint-cli-0.48.0.drv",
      "description": "Command line interface for MarkdownLint",
      "install_id": "markdownlint-cli",
      "license": "MIT",
      "locked_url": "https://github.com/flox/nixpkgs?rev=567a49d1913ce81ac6e9582e3553dd90a955875f",
      "name": "markdownlint-cli-0.48.0",
      "pname": "markdownlint-cli",
      "rev": "567a49d1913ce81ac6e9582e3553dd90a955875f",
      "rev_count": 1017464,
      "rev_date": "2026-06-16T02:33:49Z",
      "scrape_date": "2026-06-17T03:13:36.700347Z",
      "stabilities": [
        "unstable"
      ],
      "unfree": false,
      "version": "0.48.0",
      "outputs_to_install": [
        "out"
      ],
      "outputs": {
        "out": "/nix/store/j3p42am9dcz8zm44hic71k1cdcffyd1a-markdownlint-cli-0.48.0"
      },
      "system": "aarch64-darwin",
      "group": "toplevel",
      "priority": 5
    },
    {
      "attr_path": "markdownlint-cli",
      "broken": false,
      "derivation": "/nix/store/rxmyk40adhd2s6xa2k56lij82gdpx354-markdownlint-cli-0.48.0.drv",
      "description": "Command line interface for MarkdownLint",
      "install_id": "markdownlint-cli",
      "license": "MIT",
      "locked_url": "https://github.com/flox/nixpkgs?rev=567a49d1913ce81ac6e9582e3553dd90a955875f",
      "name": "markdownlint-cli-0.48.0",
      "pname": "markdownlint-cli",
      "rev": "567a49d1913ce81ac6e9582e3553dd90a955875f",
      "rev_count": 1017464,
      "rev_date": "2026-06-16T02:33:49Z",
      "scrape_date": "2026-06-17T03:44:44.029610Z",
      "stabilities": [
        "unstable"
      ],
      "unfree": false,
      "version": "0.48.0",
      "outputs_to_install": [
        "out"
      ],
      "outputs": {
        "out": "/nix/store/f1zjqs6fsa76am4zziv75q9gxv2lqgf6-markdownlint-cli-0.48.0"
      },
      "system": "aarch64-linux",
      "group": "toplevel",
      "priority": 5
    },
    {
      "attr_path": "markdownlint-cli",
      "broken": false,
      "derivation": "/nix/store/13r7081j1hnq49yvrzv7ppfplg7s8rc5-markdownlint-cli-0.48.0.drv",
      "description": "Command line interface for MarkdownLint",
      "install_id": "markdownlint-cli",
      "license": "MIT",
      "locked_url": "https://github.com/flox/nixpkgs?rev=567a49d1913ce81ac6e9582e3553dd90a955875f",
      "name": "markdownlint-cli-0.48.0",
      "pname": "markdownlint-cli",
      "rev": "567a49d1913ce81ac6e9582e3553dd90a955875f",
      "rev_count": 1017464,
      "rev_date": "2026-06-16T02:33:49Z",
      "scrape_date": "2026-06-17T04:13:29.818453Z",
      "stabilities": [
        "unstable"
      ],
      "unfree": false,
      "version": "0.48.0",
      "outputs_to_install": [
        "out"
      ],
      "outputs": {
        "out": "/nix/store/ql50d70jz9r66a0ry0cgq8bjl1spd6zx-markdownlint-cli-0.48.0"
      },
      "system": "x86_64-darwin",
      "group": "toplevel",
      "priority": 5
    },
    {
      "attr_path": "markdownlint-cli",
      "broken": false,
      "derivation": "/nix/store/w70xz7wyv1c7lzd2ynlixczn97bladk5-markdownlint-cli-0.48.0.drv",
      "description": "Command line interface for MarkdownLint",
      "install_id": "markdownlint-cli",
      "license": "MIT",
      "locked_url": "https://github.com/flox/nixpkgs?rev=567a49d1913ce81ac6e9582e3553dd90a955875f",
      "name": "markdownlint-cli-0.48.0",
      "pname": "markdownlint-cli",
      "rev": "567a49d1913ce81ac6e9582e3553dd90a955875f",
      "rev_count": 1017464,
      "rev_date": "2026-06-16T02:33:49Z",
      "scrape_date": "2026-06-17T04:47:43.426432Z",
      "stabilities": [
        "unstable"
      ],
      "unfree": false,
      "version": "0.48.0",
      "outputs_to_install": [
        "out"
      ],
      "outputs": {
        "out": "/nix/store/0rlnhilgb2h9vjr00i3vjmqvw885dwaq-markdownlint-cli-0.48.0"
      },
      "system": "x86_64-linux",
      "group": "toplevel",
      "priority": 5
    },
    {
      "attr_path": "openssl",
      "broken": false,
      "derivation": "/nix/store/n01lbk31hx767blyn05q7a32hylvdp8w-openssl-3.6.2.drv",
      "description": "Cryptographic library that implements the SSL and TLS protocols",
      "install_id": "openssl",
      "license": "Apache-2.0",
      "locked_url": "https://github.com/flox/nixpkgs?rev=567a49d1913ce81ac6e9582e3553dd90a955875f",
      "name": "openssl-3.6.2",
      "pname": "openssl",
      "rev": "567a49d1913ce81ac6e9582e3553dd90a955875f",
      "rev_count": 1017464,
      "rev_date": "2026-06-16T02:33:49Z",
      "scrape_date": "2026-06-17T03:13:44.669727Z",
      "stabilities": [
        "unstable"
      ],
      "unfree": false,
      "version": "3.6.2",
      "outputs_to_install": [
        "bin",
        "man"
      ],
      "outputs": {
        "bin": "/nix/store/r51ad62j4z7xzqa2svcb6d1b443kphzr-openssl-3.6.2-bin",
        "dev": "/nix/store/8g69q86jfk5rpa34gny4rh057h5yb1nw-openssl-3.6.2-dev",
        "doc": "/nix/store/jygjy36g9lqfxvvchydd1c1zjs7pmcp1-openssl-3.6.2-doc",
        "man": "/nix/store/f8c4k06h4kbcpdy4vbw8dq5xiypbhcfp-openssl-3.6.2-man",
        "out": "/nix/store/a3hhkd5vzw97issax60xx47qfnkl6ddf-openssl-3.6.2"
      },
      "system": "aarch64-darwin",
      "group": "toplevel",
      "priority": 5
    },
    {
      "attr_path": "openssl",
      "broken": false,
      "derivation": "/nix/store/62s3ls8r70gl1x06ldcbdqv151lvprf0-openssl-3.6.2.drv",
      "description": "Cryptographic library that implements the SSL and TLS protocols",
      "install_id": "openssl",
      "license": "Apache-2.0",
      "locked_url": "https://github.com/flox/nixpkgs?rev=567a49d1913ce81ac6e9582e3553dd90a955875f",
      "name": "openssl-3.6.2",
      "pname": "openssl",
      "rev": "567a49d1913ce81ac6e9582e3553dd90a955875f",
      "rev_count": 1017464,
      "rev_date": "2026-06-16T02:33:49Z",
      "scrape_date": "2026-06-17T03:44:55.393600Z",
      "stabilities": [
        "unstable"
      ],
      "unfree": false,
      "version": "3.6.2",
      "outputs_to_install": [
        "bin",
        "bin",
        "man"
      ],
      "outputs": {
        "bin": "/nix/store/qah6sg7gj1kks5qcawgkrpxlc4dlv90q-openssl-3.6.2-bin",
        "debug": "/nix/store/csb2j07fl5qx2k5qxg0bzd2dn6d97799-openssl-3.6.2-debug",
        "dev": "/nix/store/is2mz9ln2mszv2fl59wg5rr7casdqyk5-openssl-3.6.2-dev",
        "doc": "/nix/store/a3ww9j6xvhxbiadfhqspd9pbanax7mda-openssl-3.6.2-doc",
        "man": "/nix/store/6lam03sf9sngz205fmjvlnwapj0dkha3-openssl-3.6.2-man",
        "out": "/nix/store/bl7rmhhsy7vjb9qm3jfwgqpv3cn7wfb1-openssl-3.6.2"
      },
      "system": "aarch64-linux",
      "group": "toplevel",
      "priority": 5
    },
    {
      "attr_path": "openssl",
      "broken": false,
      "derivation": "/nix/store/4qidwgbh2fmc9fnbv0riyplvhfirakbp-openssl-3.6.2.drv",
      "description": "Cryptographic library that implements the SSL and TLS protocols",
      "install_id": "openssl",
      "license": "Apache-2.0",
      "locked_url": "https://github.com/flox/nixpkgs?rev=567a49d1913ce81ac6e9582e3553dd90a955875f",
      "name": "openssl-3.6.2",
      "pname": "openssl",
      "rev": "567a49d1913ce81ac6e9582e3553dd90a955875f",
      "rev_count": 1017464,
      "rev_date": "2026-06-16T02:33:49Z",
      "scrape_date": "2026-06-17T04:13:37.998464Z",
      "stabilities": [
        "unstable"
      ],
      "unfree": false,
      "version": "3.6.2",
      "outputs_to_install": [
        "bin",
        "man"
      ],
      "outputs": {
        "bin": "/nix/store/yvchmpk2820sv464gn31gh606yj3iwaj-openssl-3.6.2-bin",
        "dev": "/nix/store/344ipmn38akr4xfnfccbpvh5d54sjjnn-openssl-3.6.2-dev",
        "doc": "/nix/store/sa017appbz8cy3lyvjc99m0y285axdas-openssl-3.6.2-doc",
        "man": "/nix/store/z7c44v0zyydx17r50k0jlp3cw7z9pdvw-openssl-3.6.2-man",
        "out": "/nix/store/ly6s18plvybyggy2m862bkdg3ghghx2j-openssl-3.6.2"
      },
      "system": "x86_64-darwin",
      "group": "toplevel",
      "priority": 5
    },
    {
      "attr_path": "openssl",
      "broken": false,
      "derivation": "/nix/store/j6051591glvhbf9dqpyiwr1d3cxckf82-openssl-3.6.2.drv",
      "description": "Cryptographic library that implements the SSL and TLS protocols",
      "install_id": "openssl",
      "license": "Apache-2.0",
      "locked_url": "https://github.com/flox/nixpkgs?rev=567a49d1913ce81ac6e9582e3553dd90a955875f",
      "name": "openssl-3.6.2",
      "pname": "openssl",
      "rev": "567a49d1913ce81ac6e9582e3553dd90a955875f",
      "rev_count": 1017464,
      "rev_date": "2026-06-16T02:33:49Z",
      "scrape_date": "2026-06-17T04:47:55.499893Z",
      "stabilities": [
        "unstable"
      ],
      "unfree": false,
      "version": "3.6.2",
      "outputs_to_install": [
        "bin",
        "bin",
        "bin",
        "bin",
        "bin",
        "man"
      ],
      "outputs": {
        "bin": "/nix/store/zyrxhd7nwmkcs11m144jagxcmddw2i41-openssl-3.6.2-bin",
        "debug": "/nix/store/bw61f4m3imcwdwpc8011rj9db6pmkfdl-openssl-3.6.2-debug",
        "dev": "/nix/store/wxws7pwyzk8mbmjc1rwwwx9v184hh67v-openssl-3.6.2-dev",
        "doc": "/nix/store/davd7p64vvlg309ydxws2xc7z0ck9vvv-openssl-3.6.2-doc",
        "man": "/nix/store/lnqjx5rpvid4ancfjxln38bwswmpvg8y-openssl-3.6.2-man",
        "out": "/nix/store/y18pnbvfarnilsmgayswvi1khaw9wbsc-openssl-3.6.2"
      },
      "system": "x86_64-linux",
      "group": "toplevel",
      "priority": 5
    },
    {
      "attr_path": "pkg-config",
      "broken": false,
      "derivation": "/nix/store/byk6xh9qr0y4wrpyf11z29as4zfvl6h4-pkg-config-wrapper-0.29.2.drv",
      "description": "Tool that allows packages to find out information about other packages (wrapper script)",
      "install_id": "pkg-config",
      "license": "GPL-2.0-or-later",
      "locked_url": "https://github.com/flox/nixpkgs?rev=567a49d1913ce81ac6e9582e3553dd90a955875f",
      "name": "pkg-config-wrapper-0.29.2",
      "pname": "pkg-config",
      "rev": "567a49d1913ce81ac6e9582e3553dd90a955875f",
      "rev_count": 1017464,
      "rev_date": "2026-06-16T02:33:49Z",
      "scrape_date": "2026-06-17T03:13:53.907942Z",
      "stabilities": [
        "unstable"
      ],
      "unfree": false,
      "version": "0.29.2",
      "outputs_to_install": [
        "man",
        "out"
      ],
      "outputs": {
        "doc": "/nix/store/29wlw531i4q0da4maa5bab1hy8p58d6v-pkg-config-wrapper-0.29.2-doc",
        "man": "/nix/store/pk37i8cqgq803ni2gc7fx8j8dmnlq4hz-pkg-config-wrapper-0.29.2-man",
        "out": "/nix/store/lzrwr375jqhhbca116kja96xf1md83l8-pkg-config-wrapper-0.29.2"
      },
      "system": "aarch64-darwin",
      "group": "toplevel",
      "priority": 5
    },
    {
      "attr_path": "pkg-config",
      "broken": false,
      "derivation": "/nix/store/wybh89fsyj0rd2aq2pfg9h3p2q211g4m-pkg-config-wrapper-0.29.2.drv",
      "description": "Tool that allows packages to find out information about other packages (wrapper script)",
      "install_id": "pkg-config",
      "license": "GPL-2.0-or-later",
      "locked_url": "https://github.com/flox/nixpkgs?rev=567a49d1913ce81ac6e9582e3553dd90a955875f",
      "name": "pkg-config-wrapper-0.29.2",
      "pname": "pkg-config",
      "rev": "567a49d1913ce81ac6e9582e3553dd90a955875f",
      "rev_count": 1017464,
      "rev_date": "2026-06-16T02:33:49Z",
      "scrape_date": "2026-06-17T03:45:07.867600Z",
      "stabilities": [
        "unstable"
      ],
      "unfree": false,
      "version": "0.29.2",
      "outputs_to_install": [
        "man",
        "out",
        "out"
      ],
      "outputs": {
        "doc": "/nix/store/h67f59js5mciz53frb0m71jlbzkvv0y2-pkg-config-wrapper-0.29.2-doc",
        "man": "/nix/store/wg08qnsfqmyy5mgx74jiid7h1bnv8a8b-pkg-config-wrapper-0.29.2-man",
        "out": "/nix/store/c7vwy0gl1q0agl2h22gi0m9dg7xxad2l-pkg-config-wrapper-0.29.2"
      },
      "system": "aarch64-linux",
      "group": "toplevel",
      "priority": 5
    },
    {
      "attr_path": "pkg-config",
      "broken": false,
      "derivation": "/nix/store/6h29z1jjx9h3bfq95a7kfqkc9ivask4v-pkg-config-wrapper-0.29.2.drv",
      "description": "Tool that allows packages to find out information about other packages (wrapper script)",
      "install_id": "pkg-config",
      "license": "GPL-2.0-or-later",
      "locked_url": "https://github.com/flox/nixpkgs?rev=567a49d1913ce81ac6e9582e3553dd90a955875f",
      "name": "pkg-config-wrapper-0.29.2",
      "pname": "pkg-config",
      "rev": "567a49d1913ce81ac6e9582e3553dd90a955875f",
      "rev_count": 1017464,
      "rev_date": "2026-06-16T02:33:49Z",
      "scrape_date": "2026-06-17T04:13:47.530666Z",
      "stabilities": [
        "unstable"
      ],
      "unfree": false,
      "version": "0.29.2",
      "outputs_to_install": [
        "man",
        "out"
      ],
      "outputs": {
        "doc": "/nix/store/lmzgf4hlx26dxbsl6hnqr0imwkygq6zb-pkg-config-wrapper-0.29.2-doc",
        "man": "/nix/store/masw8xvkn6ygkbi35myxy0ngzxknpva6-pkg-config-wrapper-0.29.2-man",
        "out": "/nix/store/8cs8a12z75g9lnpch92y1f7bb9kqmgrz-pkg-config-wrapper-0.29.2"
      },
      "system": "x86_64-darwin",
      "group": "toplevel",
      "priority": 5
    },
    {
      "attr_path": "pkg-config",
      "broken": false,
      "derivation": "/nix/store/8lx42xz31bh9294hjphn7yk5lammcaj1-pkg-config-wrapper-0.29.2.drv",
      "description": "Tool that allows packages to find out information about other packages (wrapper script)",
      "install_id": "pkg-config",
      "license": "GPL-2.0-or-later",
      "locked_url": "https://github.com/flox/nixpkgs?rev=567a49d1913ce81ac6e9582e3553dd90a955875f",
      "name": "pkg-config-wrapper-0.29.2",
      "pname": "pkg-config",
      "rev": "567a49d1913ce81ac6e9582e3553dd90a955875f",
      "rev_count": 1017464,
      "rev_date": "2026-06-16T02:33:49Z",
      "scrape_date": "2026-06-17T04:48:08.208431Z",
      "stabilities": [
        "unstable"
      ],
      "unfree": false,
      "version": "0.29.2",
      "outputs_to_install": [
        "man",
        "out",
        "out"
      ],
      "outputs": {
        "doc": "/nix/store/lghsjphn6xrfac5q2zqnbbxvrmj6c3s7-pkg-config-wrapper-0.29.2-doc",
        "man": "/nix/store/6ki0phq7gff15ywxghxbhpcg3390x0hp-pkg-config-wrapper-0.29.2-man",
        "out": "/nix/store/1m05k7xgfnw6jc21xxk5681ni3ar97wf-pkg-config-wrapper-0.29.2"
      },
      "system": "x86_64-linux",
      "group": "toplevel",
      "priority": 5
    },
    {
      "attr_path": "rustc",
      "broken": false,
      "derivation": "/nix/store/chj302xb4r0gdw2zsgzrxf84vn1bd7p7-rustc-wrapper-1.95.0.drv",
      "description": "Safe, concurrent, practical language (wrapper script)",
      "install_id": "rustc",
      "license": "[ MIT, Apache-2.0 ]",
      "locked_url": "https://github.com/flox/nixpkgs?rev=567a49d1913ce81ac6e9582e3553dd90a955875f",
      "name": "rustc-wrapper-1.95.0",
      "pname": "rustc",
      "rev": "567a49d1913ce81ac6e9582e3553dd90a955875f",
      "rev_count": 1017464,
      "rev_date": "2026-06-16T02:33:49Z",
      "scrape_date": "2026-06-17T03:14:54.756317Z",
      "stabilities": [
        "unstable"
      ],
      "unfree": false,
      "version": "1.95.0",
      "outputs_to_install": [
        "man",
        "out"
      ],
      "outputs": {
        "doc": "/nix/store/2wiph2c9mpr0gbgan0ixpnr51pdfhlhj-rustc-wrapper-1.95.0-doc",
        "man": "/nix/store/zwylsaxwxgmbl38n3n38ym2yp8d4vh3l-rustc-wrapper-1.95.0-man",
        "out": "/nix/store/z8dhxkw9d2bclp4hj4byyxmbihr8w4an-rustc-wrapper-1.95.0"
      },
      "system": "aarch64-darwin",
      "group": "toplevel",
      "priority": 5
    },
    {
      "attr_path": "rustc",
      "broken": false,
      "derivation": "/nix/store/iv46lzakjch73hmhykj7mfg597m8ww88-rustc-wrapper-1.95.0.drv",
      "description": "Safe, concurrent, practical language (wrapper script)",
      "install_id": "rustc",
      "license": "[ MIT, Apache-2.0 ]",
      "locked_url": "https://github.com/flox/nixpkgs?rev=567a49d1913ce81ac6e9582e3553dd90a955875f",
      "name": "rustc-wrapper-1.95.0",
      "pname": "rustc",
      "rev": "567a49d1913ce81ac6e9582e3553dd90a955875f",
      "rev_count": 1017464,
      "rev_date": "2026-06-16T02:33:49Z",
      "scrape_date": "2026-06-17T03:46:19.640328Z",
      "stabilities": [
        "unstable"
      ],
      "unfree": false,
      "version": "1.95.0",
      "outputs_to_install": [
        "man",
        "out"
      ],
      "outputs": {
        "doc": "/nix/store/wqzfi80f80r689n3knjqsn31zqz68z4q-rustc-wrapper-1.95.0-doc",
        "man": "/nix/store/p3azdhlb0nk5kz1wqc22v7srwsb37m24-rustc-wrapper-1.95.0-man",
        "out": "/nix/store/nh052ln9q9r24p3rb6zxiqqjy4anxa56-rustc-wrapper-1.95.0"
      },
      "system": "aarch64-linux",
      "group": "toplevel",
      "priority": 5
    },
    {
      "attr_path": "rustc",
      "broken": false,
      "derivation": "/nix/store/c33qqjp7kilbdll2yaq02y3rsnim7349-rustc-wrapper-1.95.0.drv",
      "description": "Safe, concurrent, practical language (wrapper script)",
      "install_id": "rustc",
      "license": "[ MIT, Apache-2.0 ]",
      "locked_url": "https://github.com/flox/nixpkgs?rev=567a49d1913ce81ac6e9582e3553dd90a955875f",
      "name": "rustc-wrapper-1.95.0",
      "pname": "rustc",
      "rev": "567a49d1913ce81ac6e9582e3553dd90a955875f",
      "rev_count": 1017464,
      "rev_date": "2026-06-16T02:33:49Z",
      "scrape_date": "2026-06-17T04:14:48.783178Z",
      "stabilities": [
        "unstable"
      ],
      "unfree": false,
      "version": "1.95.0",
      "outputs_to_install": [
        "man",
        "out"
      ],
      "outputs": {
        "doc": "/nix/store/z0jj0z80mr79c8z5mrw8k8rmp9jn43zh-rustc-wrapper-1.95.0-doc",
        "man": "/nix/store/2cvnw62k02n4afiahfrip1ambv8c2489-rustc-wrapper-1.95.0-man",
        "out": "/nix/store/6b0k5kdmlfl91qa8mk3ssfgvskqkvy4r-rustc-wrapper-1.95.0"
      },
      "system": "x86_64-darwin",
      "group": "toplevel",
      "priority": 5
    },
    {
      "attr_path": "rustc",
      "broken": false,
      "derivation": "/nix/store/fjx6b96cdywqd2c90gcysflc82aqk4pa-rustc-wrapper-1.95.0.drv",
      "description": "Safe, concurrent, practical language (wrapper script)",
      "install_id": "rustc",
      "license": "[ MIT, Apache-2.0 ]",
      "locked_url": "https://github.com/flox/nixpkgs?rev=567a49d1913ce81ac6e9582e3553dd90a955875f",
      "name": "rustc-wrapper-1.95.0",
      "pname": "rustc",
      "rev": "567a49d1913ce81ac6e9582e3553dd90a955875f",
      "rev_count": 1017464,
      "rev_date": "2026-06-16T02:33:49Z",
      "scrape_date": "2026-06-17T04:49:22.177030Z",
      "stabilities": [
        "unstable"
      ],
      "unfree": false,
      "version": "1.95.0",
      "outputs_to_install": [
        "man",
        "out"
      ],
      "outputs": {
        "doc": "/nix/store/m4rhqgg9qqkjy7zv9jg4z21fm92y82r2-rustc-wrapper-1.95.0-doc",
        "man": "/nix/store/ivd567y3li0c80h3z5w77nh8m1ga340h-rustc-wrapper-1.95.0-man",
        "out": "/nix/store/wnhmqix7bippbbzasj29qiyb422g9asg-rustc-wrapper-1.95.0"
      },
      "system": "x86_64-linux",
      "group": "toplevel",
      "priority": 5
    },
    {
      "attr_path": "rustfmt",
      "broken": false,
      "derivation": "/nix/store/j2j1v4b9v8ghdchz3gjzyzpzsc5bk626-rustfmt-1.95.0.drv",
      "description": "Tool for formatting Rust code according to style guidelines",
      "install_id": "rustfmt",
      "license": "[ MIT, Apache-2.0 ]",
      "locked_url": "https://github.com/flox/nixpkgs?rev=567a49d1913ce81ac6e9582e3553dd90a955875f",
      "name": "rustfmt-1.95.0",
      "pname": "rustfmt",
      "rev": "567a49d1913ce81ac6e9582e3553dd90a955875f",
      "rev_count": 1017464,
      "rev_date": "2026-06-16T02:33:49Z",
      "scrape_date": "2026-06-17T03:14:54.784367Z",
      "stabilities": [
        "unstable"
      ],
      "unfree": false,
      "version": "1.95.0",
      "outputs_to_install": [
        "out"
      ],
      "outputs": {
        "out": "/nix/store/mpb5lx4grh44xg95mim3f2sbarwl13hv-rustfmt-1.95.0"
      },
      "system": "aarch64-darwin",
      "group": "toplevel",
      "priority": 5
    },
    {
      "attr_path": "rustfmt",
      "broken": false,
      "derivation": "/nix/store/8xhn34a7297mm63rdxa503200ydv621d-rustfmt-1.95.0.drv",
      "description": "Tool for formatting Rust code according to style guidelines",
      "install_id": "rustfmt",
      "license": "[ MIT, Apache-2.0 ]",
      "locked_url": "https://github.com/flox/nixpkgs?rev=567a49d1913ce81ac6e9582e3553dd90a955875f",
      "name": "rustfmt-1.95.0",
      "pname": "rustfmt",
      "rev": "567a49d1913ce81ac6e9582e3553dd90a955875f",
      "rev_count": 1017464,
      "rev_date": "2026-06-16T02:33:49Z",
      "scrape_date": "2026-06-17T03:46:19.673234Z",
      "stabilities": [
        "unstable"
      ],
      "unfree": false,
      "version": "1.95.0",
      "outputs_to_install": [
        "out"
      ],
      "outputs": {
        "out": "/nix/store/lyppkpp50famfpbbmmravahq85rjbz48-rustfmt-1.95.0"
      },
      "system": "aarch64-linux",
      "group": "toplevel",
      "priority": 5
    },
    {
      "attr_path": "rustfmt",
      "broken": false,
      "derivation": "/nix/store/9j29rhdks393ngqkbhn18l8dhsncpv69-rustfmt-1.95.0.drv",
      "description": "Tool for formatting Rust code according to style guidelines",
      "install_id": "rustfmt",
      "license": "[ MIT, Apache-2.0 ]",
      "locked_url": "https://github.com/flox/nixpkgs?rev=567a49d1913ce81ac6e9582e3553dd90a955875f",
      "name": "rustfmt-1.95.0",
      "pname": "rustfmt",
      "rev": "567a49d1913ce81ac6e9582e3553dd90a955875f",
      "rev_count": 1017464,
      "rev_date": "2026-06-16T02:33:49Z",
      "scrape_date": "2026-06-17T04:14:48.812686Z",
      "stabilities": [
        "unstable"
      ],
      "unfree": false,
      "version": "1.95.0",
      "outputs_to_install": [
        "out"
      ],
      "outputs": {
        "out": "/nix/store/3w8bdmiz9xjr7yyggvpkf60pg8rm8km3-rustfmt-1.95.0"
      },
      "system": "x86_64-darwin",
      "group": "toplevel",
      "priority": 5
    },
    {
      "attr_path": "rustfmt",
      "broken": false,
      "derivation": "/nix/store/6j9nwg470f823hs3nrgylfciny1y8izh-rustfmt-1.95.0.drv",
      "description": "Tool for formatting Rust code according to style guidelines",
      "install_id": "rustfmt",
      "license": "[ MIT, Apache-2.0 ]",
      "locked_url": "https://github.com/flox/nixpkgs?rev=567a49d1913ce81ac6e9582e3553dd90a955875f",
      "name": "rustfmt-1.95.0",
      "pname": "rustfmt",
      "rev": "567a49d1913ce81ac6e9582e3553dd90a955875f",
      "rev_count": 1017464,
      "rev_date": "2026-06-16T02:33:49Z",
      "scrape_date": "2026-06-17T04:49:22.210658Z",
      "stabilities": [
        "unstable"
      ],
      "unfree": false,
      "version": "1.95.0",
      "outputs_to_install": [
        "out"
      ],
      "outputs": {
        "out": "/nix/store/1x0ba5x31jqzhhk02qz4lxkznmp6q3nl-rustfmt-1.95.0"
      },
      "system": "x86_64-linux",
      "group": "toplevel",
      "priority": 5
    },
    {
      "install_id": "infer",
      "locked-url": "github:inference-gateway/cli/b438f9dc1697ce40f40e668c815de95438efa32d?narHash=sha256-IIQczLfUbi8zP4/lQTv5eSbVKMuyCIV0zoPzaGQ5%2Bms%3D",
      "flake-description": "Inference Gateway CLI - infer",
      "locked-flake-attr-path": "packages.aarch64-darwin.default",
      "derivation": "/nix/store/igdklr523qmj64ws49g906hg05q2v5ch-infer-0.137.0.drv",
      "outputs": {
        "out": "/nix/store/kfdwagyhiczh1pnjp9j9pp7y4ba01a0s-infer-0.137.0"
      },
      "output-names": [
        "out"
      ],
      "outputs-to-install": [
        "out"
      ],
      "requested-outputs-to-install": [],
      "package-system": "aarch64-darwin",
      "system": "aarch64-darwin",
      "name": "infer-0.137.0",
      "pname": "infer",
      "version": "0.137.0",
      "description": "Command-line interface for the Inference Gateway - AI model interaction manager",
      "licenses": [
        "MIT"
      ],
      "broken": false,
      "unfree": false,
      "priority": 5
    },
    {
      "install_id": "infer",
      "locked-url": "github:inference-gateway/cli/b438f9dc1697ce40f40e668c815de95438efa32d?narHash=sha256-IIQczLfUbi8zP4/lQTv5eSbVKMuyCIV0zoPzaGQ5%2Bms%3D",
      "flake-description": "Inference Gateway CLI - infer",
      "locked-flake-attr-path": "packages.aarch64-linux.default",
      "derivation": "/nix/store/rv9xf49j2y3yk85issqdwnmar365zx1a-infer-0.137.0.drv",
      "outputs": {
        "out": "/nix/store/0q86c3j5qnzxjld35xvdxh3rf52fmd27-infer-0.137.0"
      },
      "output-names": [
        "out"
      ],
      "outputs-to-install": [
        "out"
      ],
      "requested-outputs-to-install": [],
      "package-system": "aarch64-linux",
      "system": "aarch64-linux",
      "name": "infer-0.137.0",
      "pname": "infer",
      "version": "0.137.0",
      "description": "Command-line interface for the Inference Gateway - AI model interaction manager",
      "licenses": [
        "MIT"
      ],
      "broken": false,
      "unfree": false,
      "priority": 5
    },
    {
      "install_id": "infer",
      "locked-url": "github:inference-gateway/cli/b438f9dc1697ce40f40e668c815de95438efa32d?narHash=sha256-IIQczLfUbi8zP4/lQTv5eSbVKMuyCIV0zoPzaGQ5%2Bms%3D",
      "flake-description": "Inference Gateway CLI - infer",
      "locked-flake-attr-path": "packages.x86_64-darwin.default",
      "derivation": "/nix/store/1ikm5yq3h5gixrcnd3xb1hzh8lnr4m4g-infer-0.137.0.drv",
      "outputs": {
        "out": "/nix/store/avsj35dlij6sa624ci6vj29wvx1maryy-infer-0.137.0"
      },
      "output-names": [
        "out"
      ],
      "outputs-to-install": [
        "out"
      ],
      "requested-outputs-to-install": [],
      "package-system": "x86_64-darwin",
      "system": "x86_64-darwin",
      "name": "infer-0.137.0",
      "pname": "infer",
      "version": "0.137.0",
      "description": "Command-line interface for the Inference Gateway - AI model interaction manager",
      "licenses": [
        "MIT"
      ],
      "broken": false,
      "unfree": false,
      "priority": 5
    },
    {
      "install_id": "infer",
      "locked-url": "github:inference-gateway/cli/b438f9dc1697ce40f40e668c815de95438efa32d?narHash=sha256-IIQczLfUbi8zP4/lQTv5eSbVKMuyCIV0zoPzaGQ5%2Bms%3D",
      "flake-description": "Inference Gateway CLI - infer",
      "locked-flake-attr-path": "packages.x86_64-linux.default",
      "derivation": "/nix/store/jsik5brn1c7kiz94ssazj02l73lj89kb-infer-0.137.0.drv",
      "outputs": {
        "out": "/nix/store/z6rqr4rbiampx7wz4s5v4f176nlycx3w-infer-0.137.0"
      },
      "output-names": [
        "out"
      ],
      "outputs-to-install": [
        "out"
      ],
      "requested-outputs-to-install": [],
      "package-system": "x86_64-linux",
      "system": "x86_64-linux",
      "name": "infer-0.137.0",
      "pname": "infer",
      "version": "0.137.0",
      "description": "Command-line interface for the Inference Gateway - AI model interaction manager",
      "licenses": [
        "MIT"
      ],
      "broken": false,
      "unfree": false,
      "priority": 5
    }
  ]
}
