{
  "lockfile-version": 1,
  "manifest": {
    "version": 1,
    "install": {
      "cargo": {
        "pkg-path": "cargo",
        "version": "^1.89.0"
      },
      "claude-code": {
        "pkg-path": "claude-code",
        "version": "^2.0.30"
      },
      "clippy": {
        "pkg-path": "clippy",
        "version": "^1.89.0"
      },
      "markdownlint-cli": {
        "pkg-path": "markdownlint-cli",
        "version": "0.45.0"
      },
      "openssl": {
        "pkg-path": "openssl",
        "version": "^3.6.0"
      },
      "pkg-config": {
        "pkg-path": "pkg-config",
        "version": "^0.29.2"
      },
      "rustc": {
        "pkg-path": "rustc",
        "version": "^1.89.0"
      },
      "rustfmt": {
        "pkg-path": "rustfmt",
        "version": "^1.89.0"
      }
    },
    "options": {}
  },
  "packages": [
    {
      "attr_path": "cargo",
      "broken": false,
      "derivation": "/nix/store/5r0l78j53v9vqvc8yb28kw4ml9wabivm-cargo-1.89.0.drv",
      "description": "Downloads your Rust project's dependencies and builds your project",
      "install_id": "cargo",
      "license": "[ MIT, Apache-2.0 ]",
      "locked_url": "https://github.com/flox/nixpkgs?rev=b3d51a0365f6695e7dd5cdf3e180604530ed33b4",
      "name": "cargo-1.89.0",
      "pname": "cargo",
      "rev": "b3d51a0365f6695e7dd5cdf3e180604530ed33b4",
      "rev_count": 888552,
      "rev_date": "2025-11-02T19:18:41Z",
      "scrape_date": "2025-11-04T00:35:18.202964Z",
      "stabilities": [
        "unstable"
      ],
      "unfree": false,
      "version": "1.89.0",
      "outputs_to_install": [
        "out"
      ],
      "outputs": {
        "out": "/nix/store/f61dvjzzqj7c9xv07naqx6ga84vj10ip-cargo-1.89.0"
      },
      "system": "aarch64-darwin",
      "group": "toplevel",
      "priority": 5
    },
    {
      "attr_path": "cargo",
      "broken": false,
      "derivation": "/nix/store/9b48lwz5mva14p0p0m2m6xxcc4vq6yzg-cargo-1.89.0.drv",
      "description": "Downloads your Rust project's dependencies and builds your project",
      "install_id": "cargo",
      "license": "[ MIT, Apache-2.0 ]",
      "locked_url": "https://github.com/flox/nixpkgs?rev=b3d51a0365f6695e7dd5cdf3e180604530ed33b4",
      "name": "cargo-1.89.0",
      "pname": "cargo",
      "rev": "b3d51a0365f6695e7dd5cdf3e180604530ed33b4",
      "rev_count": 888552,
      "rev_date": "2025-11-02T19:18:41Z",
      "scrape_date": "2025-11-05T16:28:57.461564Z",
      "stabilities": [
        "unstable"
      ],
      "unfree": false,
      "version": "1.89.0",
      "outputs_to_install": [
        "out"
      ],
      "outputs": {
        "out": "/nix/store/cp19l4m09lp45cm86ilvqpl1n1bwf5fz-cargo-1.89.0"
      },
      "system": "aarch64-linux",
      "group": "toplevel",
      "priority": 5
    },
    {
      "attr_path": "cargo",
      "broken": false,
      "derivation": "/nix/store/9c96ifqn99sc26fyvrwgrl7217bn9qil-cargo-1.89.0.drv",
      "description": "Downloads your Rust project's dependencies and builds your project",
      "install_id": "cargo",
      "license": "[ MIT, Apache-2.0 ]",
      "locked_url": "https://github.com/flox/nixpkgs?rev=b3d51a0365f6695e7dd5cdf3e180604530ed33b4",
      "name": "cargo-1.89.0",
      "pname": "cargo",
      "rev": "b3d51a0365f6695e7dd5cdf3e180604530ed33b4",
      "rev_count": 888552,
      "rev_date": "2025-11-02T19:18:41Z",
      "scrape_date": "2025-11-05T16:54:57.240090Z",
      "stabilities": [
        "unstable"
      ],
      "unfree": false,
      "version": "1.89.0",
      "outputs_to_install": [
        "out"
      ],
      "outputs": {
        "out": "/nix/store/mdrdfm4q2076c8pp3gk798nzd6g0b5jn-cargo-1.89.0"
      },
      "system": "x86_64-darwin",
      "group": "toplevel",
      "priority": 5
    },
    {
      "attr_path": "cargo",
      "broken": false,
      "derivation": "/nix/store/cdxbvr8pkywshy5h5x1s8lcmxfmyks6b-cargo-1.89.0.drv",
      "description": "Downloads your Rust project's dependencies and builds your project",
      "install_id": "cargo",
      "license": "[ MIT, Apache-2.0 ]",
      "locked_url": "https://github.com/flox/nixpkgs?rev=b3d51a0365f6695e7dd5cdf3e180604530ed33b4",
      "name": "cargo-1.89.0",
      "pname": "cargo",
      "rev": "b3d51a0365f6695e7dd5cdf3e180604530ed33b4",
      "rev_count": 888552,
      "rev_date": "2025-11-02T19:18:41Z",
      "scrape_date": "2025-11-05T17:20:46.748193Z",
      "stabilities": [
        "unstable"
      ],
      "unfree": false,
      "version": "1.89.0",
      "outputs_to_install": [
        "out"
      ],
      "outputs": {
        "out": "/nix/store/ynhfvh8h1da3l2hnm15ab2fh3h8a6lf4-cargo-1.89.0"
      },
      "system": "x86_64-linux",
      "group": "toplevel",
      "priority": 5
    },
    {
      "attr_path": "claude-code",
      "broken": false,
      "derivation": "/nix/store/wm3898aygscqcryq92qaxqwzlldwdg1s-claude-code-2.0.30.drv",
      "description": "Agentic coding tool that lives in your terminal, understands your codebase, and helps you code faster",
      "install_id": "claude-code",
      "license": "Unfree",
      "locked_url": "https://github.com/flox/nixpkgs?rev=b3d51a0365f6695e7dd5cdf3e180604530ed33b4",
      "name": "claude-code-2.0.30",
      "pname": "claude-code",
      "rev": "b3d51a0365f6695e7dd5cdf3e180604530ed33b4",
      "rev_count": 888552,
      "rev_date": "2025-11-02T19:18:41Z",
      "scrape_date": "2025-11-04T00:35:18.367967Z",
      "stabilities": [
        "unstable"
      ],
      "unfree": true,
      "version": "2.0.30",
      "outputs_to_install": [
        "out"
      ],
      "outputs": {
        "out": "/nix/store/hzqj7n02j0rdgjxmhdnpxn94910dszlg-claude-code-2.0.30"
      },
      "system": "aarch64-darwin",
      "group": "toplevel",
      "priority": 5
    },
    {
      "attr_path": "claude-code",
      "broken": false,
      "derivation": "/nix/store/iyqnvbygw7qnmhy3q0a3xah0x2172xrs-claude-code-2.0.30.drv",
      "description": "Agentic coding tool that lives in your terminal, understands your codebase, and helps you code faster",
      "install_id": "claude-code",
      "license": "Unfree",
      "locked_url": "https://github.com/flox/nixpkgs?rev=b3d51a0365f6695e7dd5cdf3e180604530ed33b4",
      "name": "claude-code-2.0.30",
      "pname": "claude-code",
      "rev": "b3d51a0365f6695e7dd5cdf3e180604530ed33b4",
      "rev_count": 888552,
      "rev_date": "2025-11-02T19:18:41Z",
      "scrape_date": "2025-11-05T16:28:57.669127Z",
      "stabilities": [
        "unstable"
      ],
      "unfree": true,
      "version": "2.0.30",
      "outputs_to_install": [
        "out"
      ],
      "outputs": {
        "out": "/nix/store/103scqn5wpjx1qrqqlbpl4xv1ja58q5j-claude-code-2.0.30"
      },
      "system": "aarch64-linux",
      "group": "toplevel",
      "priority": 5
    },
    {
      "attr_path": "claude-code",
      "broken": false,
      "derivation": "/nix/store/6arwb3n3gcq2nwmqz0a723v3gy3shh05-claude-code-2.0.30.drv",
      "description": "Agentic coding tool that lives in your terminal, understands your codebase, and helps you code faster",
      "install_id": "claude-code",
      "license": "Unfree",
      "locked_url": "https://github.com/flox/nixpkgs?rev=b3d51a0365f6695e7dd5cdf3e180604530ed33b4",
      "name": "claude-code-2.0.30",
      "pname": "claude-code",
      "rev": "b3d51a0365f6695e7dd5cdf3e180604530ed33b4",
      "rev_count": 888552,
      "rev_date": "2025-11-02T19:18:41Z",
      "scrape_date": "2025-11-05T16:54:57.409416Z",
      "stabilities": [
        "unstable"
      ],
      "unfree": true,
      "version": "2.0.30",
      "outputs_to_install": [
        "out"
      ],
      "outputs": {
        "out": "/nix/store/1g6a26grxq4awpc6z6w08fivzvcnqizv-claude-code-2.0.30"
      },
      "system": "x86_64-darwin",
      "group": "toplevel",
      "priority": 5
    },
    {
      "attr_path": "claude-code",
      "broken": false,
      "derivation": "/nix/store/kiwizv3bh2xrs15qaxnb6ialq08dla2v-claude-code-2.0.30.drv",
      "description": "Agentic coding tool that lives in your terminal, understands your codebase, and helps you code faster",
      "install_id": "claude-code",
      "license": "Unfree",
      "locked_url": "https://github.com/flox/nixpkgs?rev=b3d51a0365f6695e7dd5cdf3e180604530ed33b4",
      "name": "claude-code-2.0.30",
      "pname": "claude-code",
      "rev": "b3d51a0365f6695e7dd5cdf3e180604530ed33b4",
      "rev_count": 888552,
      "rev_date": "2025-11-02T19:18:41Z",
      "scrape_date": "2025-11-05T17:20:46.975714Z",
      "stabilities": [
        "unstable"
      ],
      "unfree": true,
      "version": "2.0.30",
      "outputs_to_install": [
        "out"
      ],
      "outputs": {
        "out": "/nix/store/6is1i3m8viihhhlxjlvmjlq359x3rdrn-claude-code-2.0.30"
      },
      "system": "x86_64-linux",
      "group": "toplevel",
      "priority": 5
    },
    {
      "attr_path": "clippy",
      "broken": false,
      "derivation": "/nix/store/p5hwl8zlmrp3219ixq5gjz22iv8mr592-clippy-1.89.0.drv",
      "description": "Bunch of lints to catch common mistakes and improve your Rust code",
      "install_id": "clippy",
      "license": "[ MIT, Apache-2.0 ]",
      "locked_url": "https://github.com/flox/nixpkgs?rev=b3d51a0365f6695e7dd5cdf3e180604530ed33b4",
      "name": "clippy-1.89.0",
      "pname": "clippy",
      "rev": "b3d51a0365f6695e7dd5cdf3e180604530ed33b4",
      "rev_count": 888552,
      "rev_date": "2025-11-02T19:18:41Z",
      "scrape_date": "2025-11-04T00:35:18.375302Z",
      "stabilities": [
        "unstable"
      ],
      "unfree": false,
      "version": "1.89.0",
      "outputs_to_install": [
        "out"
      ],
      "outputs": {
        "out": "/nix/store/i3390dnz9cddhzz3s9kh7vqmmbxq5fbk-clippy-1.89.0"
      },
      "system": "aarch64-darwin",
      "group": "toplevel",
      "priority": 5
    },
    {
      "attr_path": "clippy",
      "broken": false,
      "derivation": "/nix/store/b9rfh88naayckmnn6gc3zf81xs4xnzff-clippy-1.89.0.drv",
      "description": "Bunch of lints to catch common mistakes and improve your Rust code",
      "install_id": "clippy",
      "license": "[ MIT, Apache-2.0 ]",
      "locked_url": "https://github.com/flox/nixpkgs?rev=b3d51a0365f6695e7dd5cdf3e180604530ed33b4",
      "name": "clippy-1.89.0",
      "pname": "clippy",
      "rev": "b3d51a0365f6695e7dd5cdf3e180604530ed33b4",
      "rev_count": 888552,
      "rev_date": "2025-11-02T19:18:41Z",
      "scrape_date": "2025-11-05T16:28:57.680916Z",
      "stabilities": [
        "unstable"
      ],
      "unfree": false,
      "version": "1.89.0",
      "outputs_to_install": [
        "out"
      ],
      "outputs": {
        "debug": "/nix/store/b71z3inpp723452f3jyq7rhng3khadyn-clippy-1.89.0-debug",
        "out": "/nix/store/rsyy2pz3hbwghyq1l09jqpg3lr31v365-clippy-1.89.0"
      },
      "system": "aarch64-linux",
      "group": "toplevel",
      "priority": 5
    },
    {
      "attr_path": "clippy",
      "broken": false,
      "derivation": "/nix/store/qp6mmi777aflzi2qmkqp90wsw9dwvc9a-clippy-1.89.0.drv",
      "description": "Bunch of lints to catch common mistakes and improve your Rust code",
      "install_id": "clippy",
      "license": "[ MIT, Apache-2.0 ]",
      "locked_url": "https://github.com/flox/nixpkgs?rev=b3d51a0365f6695e7dd5cdf3e180604530ed33b4",
      "name": "clippy-1.89.0",
      "pname": "clippy",
      "rev": "b3d51a0365f6695e7dd5cdf3e180604530ed33b4",
      "rev_count": 888552,
      "rev_date": "2025-11-02T19:18:41Z",
      "scrape_date": "2025-11-05T16:54:57.417700Z",
      "stabilities": [
        "unstable"
      ],
      "unfree": false,
      "version": "1.89.0",
      "outputs_to_install": [
        "out"
      ],
      "outputs": {
        "out": "/nix/store/0cdfy1i477bfzhacv93cs8i13282c2jq-clippy-1.89.0"
      },
      "system": "x86_64-darwin",
      "group": "toplevel",
      "priority": 5
    },
    {
      "attr_path": "clippy",
      "broken": false,
      "derivation": "/nix/store/0z47sqchm2pczv3h4fp730aqqy76igfq-clippy-1.89.0.drv",
      "description": "Bunch of lints to catch common mistakes and improve your Rust code",
      "install_id": "clippy",
      "license": "[ MIT, Apache-2.0 ]",
      "locked_url": "https://github.com/flox/nixpkgs?rev=b3d51a0365f6695e7dd5cdf3e180604530ed33b4",
      "name": "clippy-1.89.0",
      "pname": "clippy",
      "rev": "b3d51a0365f6695e7dd5cdf3e180604530ed33b4",
      "rev_count": 888552,
      "rev_date": "2025-11-02T19:18:41Z",
      "scrape_date": "2025-11-05T17:20:46.988856Z",
      "stabilities": [
        "unstable"
      ],
      "unfree": false,
      "version": "1.89.0",
      "outputs_to_install": [
        "out"
      ],
      "outputs": {
        "debug": "/nix/store/ypqv62aqhanfvkrnfg612pbby11wsbnf-clippy-1.89.0-debug",
        "out": "/nix/store/0yy1f5k22s6x9n6hva5n7v2fpnv3r7zw-clippy-1.89.0"
      },
      "system": "x86_64-linux",
      "group": "toplevel",
      "priority": 5
    },
    {
      "attr_path": "markdownlint-cli",
      "broken": false,
      "derivation": "/nix/store/80bdknb5mf68hd09dal90sasvchfrgry-markdownlint-cli-0.45.0.drv",
      "description": "Command line interface for MarkdownLint",
      "install_id": "markdownlint-cli",
      "license": "MIT",
      "locked_url": "https://github.com/flox/nixpkgs?rev=b3d51a0365f6695e7dd5cdf3e180604530ed33b4",
      "name": "markdownlint-cli-0.45.0",
      "pname": "markdownlint-cli",
      "rev": "b3d51a0365f6695e7dd5cdf3e180604530ed33b4",
      "rev_count": 888552,
      "rev_date": "2025-11-02T19:18:41Z",
      "scrape_date": "2025-11-04T00:35:37.814161Z",
      "stabilities": [
        "unstable"
      ],
      "unfree": false,
      "version": "0.45.0",
      "outputs_to_install": [
        "out"
      ],
      "outputs": {
        "out": "/nix/store/n8r26agrzpfcfq1h290ng32a9c2vibd4-markdownlint-cli-0.45.0"
      },
      "system": "aarch64-darwin",
      "group": "toplevel",
      "priority": 5
    },
    {
      "attr_path": "markdownlint-cli",
      "broken": false,
      "derivation": "/nix/store/jkrbnhlmh85m50llpygwvcf9q7kcjk62-markdownlint-cli-0.45.0.drv",
      "description": "Command line interface for MarkdownLint",
      "install_id": "markdownlint-cli",
      "license": "MIT",
      "locked_url": "https://github.com/flox/nixpkgs?rev=b3d51a0365f6695e7dd5cdf3e180604530ed33b4",
      "name": "markdownlint-cli-0.45.0",
      "pname": "markdownlint-cli",
      "rev": "b3d51a0365f6695e7dd5cdf3e180604530ed33b4",
      "rev_count": 888552,
      "rev_date": "2025-11-02T19:18:41Z",
      "scrape_date": "2025-11-05T16:29:30.586220Z",
      "stabilities": [
        "unstable"
      ],
      "unfree": false,
      "version": "0.45.0",
      "outputs_to_install": [
        "out"
      ],
      "outputs": {
        "out": "/nix/store/8bj392k642g6dip1mlw330vs2v9y7nl0-markdownlint-cli-0.45.0"
      },
      "system": "aarch64-linux",
      "group": "toplevel",
      "priority": 5
    },
    {
      "attr_path": "markdownlint-cli",
      "broken": false,
      "derivation": "/nix/store/6ydg68bych3vgajml0izqs154ms92bbj-markdownlint-cli-0.45.0.drv",
      "description": "Command line interface for MarkdownLint",
      "install_id": "markdownlint-cli",
      "license": "MIT",
      "locked_url": "https://github.com/flox/nixpkgs?rev=b3d51a0365f6695e7dd5cdf3e180604530ed33b4",
      "name": "markdownlint-cli-0.45.0",
      "pname": "markdownlint-cli",
      "rev": "b3d51a0365f6695e7dd5cdf3e180604530ed33b4",
      "rev_count": 888552,
      "rev_date": "2025-11-02T19:18:41Z",
      "scrape_date": "2025-11-05T16:55:17.549939Z",
      "stabilities": [
        "unstable"
      ],
      "unfree": false,
      "version": "0.45.0",
      "outputs_to_install": [
        "out"
      ],
      "outputs": {
        "out": "/nix/store/idp6m459vvg7h3pq33w0728qs5qmp0zh-markdownlint-cli-0.45.0"
      },
      "system": "x86_64-darwin",
      "group": "toplevel",
      "priority": 5
    },
    {
      "attr_path": "markdownlint-cli",
      "broken": false,
      "derivation": "/nix/store/y7amq1w9xjdxcxz0ai62sxdkxj93lq8c-markdownlint-cli-0.45.0.drv",
      "description": "Command line interface for MarkdownLint",
      "install_id": "markdownlint-cli",
      "license": "MIT",
      "locked_url": "https://github.com/flox/nixpkgs?rev=b3d51a0365f6695e7dd5cdf3e180604530ed33b4",
      "name": "markdownlint-cli-0.45.0",
      "pname": "markdownlint-cli",
      "rev": "b3d51a0365f6695e7dd5cdf3e180604530ed33b4",
      "rev_count": 888552,
      "rev_date": "2025-11-02T19:18:41Z",
      "scrape_date": "2025-11-05T17:21:23.129255Z",
      "stabilities": [
        "unstable"
      ],
      "unfree": false,
      "version": "0.45.0",
      "outputs_to_install": [
        "out"
      ],
      "outputs": {
        "out": "/nix/store/f0inncvh6l700ni1kpbyrwk8na398hna-markdownlint-cli-0.45.0"
      },
      "system": "x86_64-linux",
      "group": "toplevel",
      "priority": 5
    },
    {
      "attr_path": "openssl",
      "broken": false,
      "derivation": "/nix/store/z7cd5hpk2jf1lrfw3yhjwvj7v4d9qzpi-openssl-3.6.0.drv",
      "description": "Cryptographic library that implements the SSL and TLS protocols",
      "install_id": "openssl",
      "license": "Apache-2.0",
      "locked_url": "https://github.com/flox/nixpkgs?rev=b3d51a0365f6695e7dd5cdf3e180604530ed33b4",
      "name": "openssl-3.6.0",
      "pname": "openssl",
      "rev": "b3d51a0365f6695e7dd5cdf3e180604530ed33b4",
      "rev_count": 888552,
      "rev_date": "2025-11-02T19:18:41Z",
      "scrape_date": "2025-11-04T00:35:43.433237Z",
      "stabilities": [
        "unstable"
      ],
      "unfree": false,
      "version": "3.6.0",
      "outputs_to_install": [
        "bin",
        "man"
      ],
      "outputs": {
        "bin": "/nix/store/a510al4qb07822jg7dhq5lwhk4594mw8-openssl-3.6.0-bin",
        "dev": "/nix/store/izw5d5ncyk8rsapyq7z37sglcf624321-openssl-3.6.0-dev",
        "doc": "/nix/store/jk6pbq3mgmscl226rwv8nycsyllwrcrh-openssl-3.6.0-doc",
        "man": "/nix/store/l25sh69xybkvm9bb7vzv1cv11axj67vy-openssl-3.6.0-man",
        "out": "/nix/store/01x137jgpx7xhck6p42pgpb3whnkiyqy-openssl-3.6.0"
      },
      "system": "aarch64-darwin",
      "group": "toplevel",
      "priority": 5
    },
    {
      "attr_path": "openssl",
      "broken": false,
      "derivation": "/nix/store/b2c28s25w2wq39j6fp0qfm6phni1dra6-openssl-3.6.0.drv",
      "description": "Cryptographic library that implements the SSL and TLS protocols",
      "install_id": "openssl",
      "license": "Apache-2.0",
      "locked_url": "https://github.com/flox/nixpkgs?rev=b3d51a0365f6695e7dd5cdf3e180604530ed33b4",
      "name": "openssl-3.6.0",
      "pname": "openssl",
      "rev": "b3d51a0365f6695e7dd5cdf3e180604530ed33b4",
      "rev_count": 888552,
      "rev_date": "2025-11-02T19:18:41Z",
      "scrape_date": "2025-11-05T16:29:40.016587Z",
      "stabilities": [
        "unstable"
      ],
      "unfree": false,
      "version": "3.6.0",
      "outputs_to_install": [
        "bin",
        "man"
      ],
      "outputs": {
        "bin": "/nix/store/vj3fqlyk02xyvfk7dklark4nkl39ryza-openssl-3.6.0-bin",
        "debug": "/nix/store/wm94zhisrncm7d9fn23z6v4kda4wk1l6-openssl-3.6.0-debug",
        "dev": "/nix/store/zqjp5aj4fdr4r0hh09h37v867dmfh8gg-openssl-3.6.0-dev",
        "doc": "/nix/store/l7chf2fv121gw1apv7ymnahxrxdgz7i4-openssl-3.6.0-doc",
        "man": "/nix/store/r5j26nw5wc81ncwp9f9j8rp6srwn1ims-openssl-3.6.0-man",
        "out": "/nix/store/nyhk12jm8722b5r8wc2dyjhi1ffykk4j-openssl-3.6.0"
      },
      "system": "aarch64-linux",
      "group": "toplevel",
      "priority": 5
    },
    {
      "attr_path": "openssl",
      "broken": false,
      "derivation": "/nix/store/jz52dplqwr2fvfkz3rdgyn72ibvfx2mr-openssl-3.6.0.drv",
      "description": "Cryptographic library that implements the SSL and TLS protocols",
      "install_id": "openssl",
      "license": "Apache-2.0",
      "locked_url": "https://github.com/flox/nixpkgs?rev=b3d51a0365f6695e7dd5cdf3e180604530ed33b4",
      "name": "openssl-3.6.0",
      "pname": "openssl",
      "rev": "b3d51a0365f6695e7dd5cdf3e180604530ed33b4",
      "rev_count": 888552,
      "rev_date": "2025-11-02T19:18:41Z",
      "scrape_date": "2025-11-05T16:55:23.118087Z",
      "stabilities": [
        "unstable"
      ],
      "unfree": false,
      "version": "3.6.0",
      "outputs_to_install": [
        "bin",
        "man"
      ],
      "outputs": {
        "bin": "/nix/store/140p3bxkn7yk5viyzlg5nznsshn70j05-openssl-3.6.0-bin",
        "dev": "/nix/store/fq3jcnd91j4id2d0h85vm9nn1m1p8dm6-openssl-3.6.0-dev",
        "doc": "/nix/store/pmrrzn8xjjb32rs8mnar1mczifxgqr20-openssl-3.6.0-doc",
        "man": "/nix/store/nhvawca3vw0n320w9syg1rn0y2ds2byq-openssl-3.6.0-man",
        "out": "/nix/store/c4cm4l3c8qaaync9xs8kk31ajff40n6d-openssl-3.6.0"
      },
      "system": "x86_64-darwin",
      "group": "toplevel",
      "priority": 5
    },
    {
      "attr_path": "openssl",
      "broken": false,
      "derivation": "/nix/store/qvnakgfi92jhmjxpb96hypp0r2lzjy9x-openssl-3.6.0.drv",
      "description": "Cryptographic library that implements the SSL and TLS protocols",
      "install_id": "openssl",
      "license": "Apache-2.0",
      "locked_url": "https://github.com/flox/nixpkgs?rev=b3d51a0365f6695e7dd5cdf3e180604530ed33b4",
      "name": "openssl-3.6.0",
      "pname": "openssl",
      "rev": "b3d51a0365f6695e7dd5cdf3e180604530ed33b4",
      "rev_count": 888552,
      "rev_date": "2025-11-02T19:18:41Z",
      "scrape_date": "2025-11-05T17:21:33.377262Z",
      "stabilities": [
        "unstable"
      ],
      "unfree": false,
      "version": "3.6.0",
      "outputs_to_install": [
        "bin",
        "man"
      ],
      "outputs": {
        "bin": "/nix/store/wlh6plymkd971amrm339p4jg9mk48w4q-openssl-3.6.0-bin",
        "debug": "/nix/store/4f16p2jh0w3552la3kppz4fr5b7nb7l7-openssl-3.6.0-debug",
        "dev": "/nix/store/4vm27ldxmphlgyj3vf1h7dlgvj5hvj0w-openssl-3.6.0-dev",
        "doc": "/nix/store/mq7kljq3xfda7dxf2jg184pqsyg771mh-openssl-3.6.0-doc",
        "man": "/nix/store/9l397nd1xk85q0a3g2c0798la5vifwfi-openssl-3.6.0-man",
        "out": "/nix/store/llswcygvgv9x2sa3z6j7i0g5iqqmn5gn-openssl-3.6.0"
      },
      "system": "x86_64-linux",
      "group": "toplevel",
      "priority": 5
    },
    {
      "attr_path": "pkg-config",
      "broken": false,
      "derivation": "/nix/store/0p6pqh9vrn3ki088c9a0qfpc3i6iy9lg-pkg-config-wrapper-0.29.2.drv",
      "description": "Tool that allows packages to find out information about other packages (wrapper script)",
      "install_id": "pkg-config",
      "license": "GPL-2.0-or-later",
      "locked_url": "https://github.com/flox/nixpkgs?rev=b3d51a0365f6695e7dd5cdf3e180604530ed33b4",
      "name": "pkg-config-wrapper-0.29.2",
      "pname": "pkg-config",
      "rev": "b3d51a0365f6695e7dd5cdf3e180604530ed33b4",
      "rev_count": 888552,
      "rev_date": "2025-11-02T19:18:41Z",
      "scrape_date": "2025-11-04T00:35:54.555538Z",
      "stabilities": [
        "unstable"
      ],
      "unfree": false,
      "version": "0.29.2",
      "outputs_to_install": [
        "man",
        "out"
      ],
      "outputs": {
        "doc": "/nix/store/l1hlmhvv5q63czar6wx2ls70hbjni9z8-pkg-config-wrapper-0.29.2-doc",
        "man": "/nix/store/ngjx71ikzjcsm5x2306m0mwdmwvykww2-pkg-config-wrapper-0.29.2-man",
        "out": "/nix/store/niz4jpjf9x38ja6i74mzx14vdnscf9va-pkg-config-wrapper-0.29.2"
      },
      "system": "aarch64-darwin",
      "group": "toplevel",
      "priority": 5
    },
    {
      "attr_path": "pkg-config",
      "broken": false,
      "derivation": "/nix/store/cz4jjzdc9a676glg1f2rq7ld5fsnhi1r-pkg-config-wrapper-0.29.2.drv",
      "description": "Tool that allows packages to find out information about other packages (wrapper script)",
      "install_id": "pkg-config",
      "license": "GPL-2.0-or-later",
      "locked_url": "https://github.com/flox/nixpkgs?rev=b3d51a0365f6695e7dd5cdf3e180604530ed33b4",
      "name": "pkg-config-wrapper-0.29.2",
      "pname": "pkg-config",
      "rev": "b3d51a0365f6695e7dd5cdf3e180604530ed33b4",
      "rev_count": 888552,
      "rev_date": "2025-11-02T19:18:41Z",
      "scrape_date": "2025-11-05T16:29:55.664157Z",
      "stabilities": [
        "unstable"
      ],
      "unfree": false,
      "version": "0.29.2",
      "outputs_to_install": [
        "man",
        "out"
      ],
      "outputs": {
        "doc": "/nix/store/qv2ir3rqf96v0xj5mq9hf6hdnvvxj2hv-pkg-config-wrapper-0.29.2-doc",
        "man": "/nix/store/x2smvp36kgz3p7df4ndidizw4qw5db5b-pkg-config-wrapper-0.29.2-man",
        "out": "/nix/store/5a64chsiyriwrhdp88xag0spyryzaqv3-pkg-config-wrapper-0.29.2"
      },
      "system": "aarch64-linux",
      "group": "toplevel",
      "priority": 5
    },
    {
      "attr_path": "pkg-config",
      "broken": false,
      "derivation": "/nix/store/3vizmb1rld4bvdgw7c3fqsvi7yqq0xzm-pkg-config-wrapper-0.29.2.drv",
      "description": "Tool that allows packages to find out information about other packages (wrapper script)",
      "install_id": "pkg-config",
      "license": "GPL-2.0-or-later",
      "locked_url": "https://github.com/flox/nixpkgs?rev=b3d51a0365f6695e7dd5cdf3e180604530ed33b4",
      "name": "pkg-config-wrapper-0.29.2",
      "pname": "pkg-config",
      "rev": "b3d51a0365f6695e7dd5cdf3e180604530ed33b4",
      "rev_count": 888552,
      "rev_date": "2025-11-02T19:18:41Z",
      "scrape_date": "2025-11-05T16:55:34.161332Z",
      "stabilities": [
        "unstable"
      ],
      "unfree": false,
      "version": "0.29.2",
      "outputs_to_install": [
        "man",
        "out"
      ],
      "outputs": {
        "doc": "/nix/store/kgz7fyrifhiyvkkbjfvjdiybwnmsqi3c-pkg-config-wrapper-0.29.2-doc",
        "man": "/nix/store/z8mb89va5jzq7v24y3f509z07sdl854n-pkg-config-wrapper-0.29.2-man",
        "out": "/nix/store/d0bhmxx6l76j3j5p1dxdv3rvx5f5w9ys-pkg-config-wrapper-0.29.2"
      },
      "system": "x86_64-darwin",
      "group": "toplevel",
      "priority": 5
    },
    {
      "attr_path": "pkg-config",
      "broken": false,
      "derivation": "/nix/store/ap1rhrnldpa5xgrk6522v5kmn33h8flx-pkg-config-wrapper-0.29.2.drv",
      "description": "Tool that allows packages to find out information about other packages (wrapper script)",
      "install_id": "pkg-config",
      "license": "GPL-2.0-or-later",
      "locked_url": "https://github.com/flox/nixpkgs?rev=b3d51a0365f6695e7dd5cdf3e180604530ed33b4",
      "name": "pkg-config-wrapper-0.29.2",
      "pname": "pkg-config",
      "rev": "b3d51a0365f6695e7dd5cdf3e180604530ed33b4",
      "rev_count": 888552,
      "rev_date": "2025-11-02T19:18:41Z",
      "scrape_date": "2025-11-05T17:21:50.263452Z",
      "stabilities": [
        "unstable"
      ],
      "unfree": false,
      "version": "0.29.2",
      "outputs_to_install": [
        "man",
        "out"
      ],
      "outputs": {
        "doc": "/nix/store/nckfk6a26p0rvxrkm9ps45gam8a3nbbv-pkg-config-wrapper-0.29.2-doc",
        "man": "/nix/store/s3gfdb3mq0p0sd859ryz1h1rh1wp33gr-pkg-config-wrapper-0.29.2-man",
        "out": "/nix/store/0skggkamysbh0ksc3582lb69wzrpabcg-pkg-config-wrapper-0.29.2"
      },
      "system": "x86_64-linux",
      "group": "toplevel",
      "priority": 5
    },
    {
      "attr_path": "rustc",
      "broken": false,
      "derivation": "/nix/store/9v4pdmxxrd8dv915h45pqd2sn6q0gf5h-rustc-wrapper-1.89.0.drv",
      "description": "Safe, concurrent, practical language (wrapper script)",
      "install_id": "rustc",
      "license": "[ MIT, Apache-2.0 ]",
      "locked_url": "https://github.com/flox/nixpkgs?rev=b3d51a0365f6695e7dd5cdf3e180604530ed33b4",
      "name": "rustc-wrapper-1.89.0",
      "pname": "rustc",
      "rev": "b3d51a0365f6695e7dd5cdf3e180604530ed33b4",
      "rev_count": 888552,
      "rev_date": "2025-11-02T19:18:41Z",
      "scrape_date": "2025-11-04T00:36:47.325918Z",
      "stabilities": [
        "unstable"
      ],
      "unfree": false,
      "version": "1.89.0",
      "outputs_to_install": [
        "man",
        "out"
      ],
      "outputs": {
        "doc": "/nix/store/b38f38i4l6pvw5x06ng3y2g34xx97ain-rustc-wrapper-1.89.0-doc",
        "man": "/nix/store/sp5l2qbp6drmkbk80z6ks5hdnbaivsq4-rustc-wrapper-1.89.0-man",
        "out": "/nix/store/5j36vpc3dcbqpjy73nxbsp6bx0g1k3fv-rustc-wrapper-1.89.0"
      },
      "system": "aarch64-darwin",
      "group": "toplevel",
      "priority": 5
    },
    {
      "attr_path": "rustc",
      "broken": false,
      "derivation": "/nix/store/r3wd9nbl7ydl5zv8v0nb1yl0ax2895c2-rustc-wrapper-1.89.0.drv",
      "description": "Safe, concurrent, practical language (wrapper script)",
      "install_id": "rustc",
      "license": "[ MIT, Apache-2.0 ]",
      "locked_url": "https://github.com/flox/nixpkgs?rev=b3d51a0365f6695e7dd5cdf3e180604530ed33b4",
      "name": "rustc-wrapper-1.89.0",
      "pname": "rustc",
      "rev": "b3d51a0365f6695e7dd5cdf3e180604530ed33b4",
      "rev_count": 888552,
      "rev_date": "2025-11-02T19:18:41Z",
      "scrape_date": "2025-11-05T16:31:02.763829Z",
      "stabilities": [
        "unstable"
      ],
      "unfree": false,
      "version": "1.89.0",
      "outputs_to_install": [
        "man",
        "out"
      ],
      "outputs": {
        "doc": "/nix/store/ky97k3ch6szgmwj4jvhhzwxs2dpj87ri-rustc-wrapper-1.89.0-doc",
        "man": "/nix/store/9nxjc3iv8h9qd1fcgdk4nrd0gjpmr9z0-rustc-wrapper-1.89.0-man",
        "out": "/nix/store/59s3wpvdgm48kphsfn7gpnd3793c1rji-rustc-wrapper-1.89.0"
      },
      "system": "aarch64-linux",
      "group": "toplevel",
      "priority": 5
    },
    {
      "attr_path": "rustc",
      "broken": false,
      "derivation": "/nix/store/gw59ljiqcjivxzzdphv7rsvw4fch7ig3-rustc-wrapper-1.89.0.drv",
      "description": "Safe, concurrent, practical language (wrapper script)",
      "install_id": "rustc",
      "license": "[ MIT, Apache-2.0 ]",
      "locked_url": "https://github.com/flox/nixpkgs?rev=b3d51a0365f6695e7dd5cdf3e180604530ed33b4",
      "name": "rustc-wrapper-1.89.0",
      "pname": "rustc",
      "rev": "b3d51a0365f6695e7dd5cdf3e180604530ed33b4",
      "rev_count": 888552,
      "rev_date": "2025-11-02T19:18:41Z",
      "scrape_date": "2025-11-05T16:56:23.595084Z",
      "stabilities": [
        "unstable"
      ],
      "unfree": false,
      "version": "1.89.0",
      "outputs_to_install": [
        "man",
        "out"
      ],
      "outputs": {
        "doc": "/nix/store/f5fnw9k37frcag45pqcd1z4q9f22q7lb-rustc-wrapper-1.89.0-doc",
        "man": "/nix/store/cvjs8z1q0k86i6bwyhcdbrw90pbf6vl3-rustc-wrapper-1.89.0-man",
        "out": "/nix/store/83wfwlnxqrb6nazzi3gb42baqbjn1n6f-rustc-wrapper-1.89.0"
      },
      "system": "x86_64-darwin",
      "group": "toplevel",
      "priority": 5
    },
    {
      "attr_path": "rustc",
      "broken": false,
      "derivation": "/nix/store/scfhx31076gi40xisf1gaqw6f7830sv0-rustc-wrapper-1.89.0.drv",
      "description": "Safe, concurrent, practical language (wrapper script)",
      "install_id": "rustc",
      "license": "[ MIT, Apache-2.0 ]",
      "locked_url": "https://github.com/flox/nixpkgs?rev=b3d51a0365f6695e7dd5cdf3e180604530ed33b4",
      "name": "rustc-wrapper-1.89.0",
      "pname": "rustc",
      "rev": "b3d51a0365f6695e7dd5cdf3e180604530ed33b4",
      "rev_count": 888552,
      "rev_date": "2025-11-02T19:18:41Z",
      "scrape_date": "2025-11-05T17:23:04.117531Z",
      "stabilities": [
        "unstable"
      ],
      "unfree": false,
      "version": "1.89.0",
      "outputs_to_install": [
        "man",
        "out"
      ],
      "outputs": {
        "doc": "/nix/store/15vjayx5plj1h5bqvlif6wdg6m6p6kkh-rustc-wrapper-1.89.0-doc",
        "man": "/nix/store/20pcgwwz1hpbzimv9j4vmpbn83yyjrq0-rustc-wrapper-1.89.0-man",
        "out": "/nix/store/kgln61a78z8aj4amxgp0lyjj508xxwkr-rustc-wrapper-1.89.0"
      },
      "system": "x86_64-linux",
      "group": "toplevel",
      "priority": 5
    },
    {
      "attr_path": "rustfmt",
      "broken": false,
      "derivation": "/nix/store/3kgv2ac1vcdz1q8yn2w3w4h5kd066ipy-rustfmt-1.89.0.drv",
      "description": "Tool for formatting Rust code according to style guidelines",
      "install_id": "rustfmt",
      "license": "[ MIT, Apache-2.0 ]",
      "locked_url": "https://github.com/flox/nixpkgs?rev=b3d51a0365f6695e7dd5cdf3e180604530ed33b4",
      "name": "rustfmt-1.89.0",
      "pname": "rustfmt",
      "rev": "b3d51a0365f6695e7dd5cdf3e180604530ed33b4",
      "rev_count": 888552,
      "rev_date": "2025-11-02T19:18:41Z",
      "scrape_date": "2025-11-04T00:36:47.346012Z",
      "stabilities": [
        "unstable"
      ],
      "unfree": false,
      "version": "1.89.0",
      "outputs_to_install": [
        "out"
      ],
      "outputs": {
        "out": "/nix/store/5f1n6pbc2hy76n2gzhwa78b3zix3ggg5-rustfmt-1.89.0"
      },
      "system": "aarch64-darwin",
      "group": "toplevel",
      "priority": 5
    },
    {
      "attr_path": "rustfmt",
      "broken": false,
      "derivation": "/nix/store/z1naxivxg7kx9vmksh51gcqzljr643xb-rustfmt-1.89.0.drv",
      "description": "Tool for formatting Rust code according to style guidelines",
      "install_id": "rustfmt",
      "license": "[ MIT, Apache-2.0 ]",
      "locked_url": "https://github.com/flox/nixpkgs?rev=b3d51a0365f6695e7dd5cdf3e180604530ed33b4",
      "name": "rustfmt-1.89.0",
      "pname": "rustfmt",
      "rev": "b3d51a0365f6695e7dd5cdf3e180604530ed33b4",
      "rev_count": 888552,
      "rev_date": "2025-11-02T19:18:41Z",
      "scrape_date": "2025-11-05T16:31:02.795214Z",
      "stabilities": [
        "unstable"
      ],
      "unfree": false,
      "version": "1.89.0",
      "outputs_to_install": [
        "out"
      ],
      "outputs": {
        "out": "/nix/store/38j5bn7l5qk5panxsdr7fi92zg7nz9hh-rustfmt-1.89.0"
      },
      "system": "aarch64-linux",
      "group": "toplevel",
      "priority": 5
    },
    {
      "attr_path": "rustfmt",
      "broken": false,
      "derivation": "/nix/store/3ismbnwhj4mhyiynnh2wn4y6fjbszz00-rustfmt-1.89.0.drv",
      "description": "Tool for formatting Rust code according to style guidelines",
      "install_id": "rustfmt",
      "license": "[ MIT, Apache-2.0 ]",
      "locked_url": "https://github.com/flox/nixpkgs?rev=b3d51a0365f6695e7dd5cdf3e180604530ed33b4",
      "name": "rustfmt-1.89.0",
      "pname": "rustfmt",
      "rev": "b3d51a0365f6695e7dd5cdf3e180604530ed33b4",
      "rev_count": 888552,
      "rev_date": "2025-11-02T19:18:41Z",
      "scrape_date": "2025-11-05T16:56:23.613817Z",
      "stabilities": [
        "unstable"
      ],
      "unfree": false,
      "version": "1.89.0",
      "outputs_to_install": [
        "out"
      ],
      "outputs": {
        "out": "/nix/store/ihazzv14jps09j69ijla4npx1wbqydxp-rustfmt-1.89.0"
      },
      "system": "x86_64-darwin",
      "group": "toplevel",
      "priority": 5
    },
    {
      "attr_path": "rustfmt",
      "broken": false,
      "derivation": "/nix/store/7wrnhk2ic58zdl14zrip24gn6l3czpag-rustfmt-1.89.0.drv",
      "description": "Tool for formatting Rust code according to style guidelines",
      "install_id": "rustfmt",
      "license": "[ MIT, Apache-2.0 ]",
      "locked_url": "https://github.com/flox/nixpkgs?rev=b3d51a0365f6695e7dd5cdf3e180604530ed33b4",
      "name": "rustfmt-1.89.0",
      "pname": "rustfmt",
      "rev": "b3d51a0365f6695e7dd5cdf3e180604530ed33b4",
      "rev_count": 888552,
      "rev_date": "2025-11-02T19:18:41Z",
      "scrape_date": "2025-11-05T17:23:04.149887Z",
      "stabilities": [
        "unstable"
      ],
      "unfree": false,
      "version": "1.89.0",
      "outputs_to_install": [
        "out"
      ],
      "outputs": {
        "out": "/nix/store/a6yc6xyjml0lggp1kr4mn8zccyq5rkiy-rustfmt-1.89.0"
      },
      "system": "x86_64-linux",
      "group": "toplevel",
      "priority": 5
    }
  ]
}
