{
  "lockfile-version": 1,
  "manifest": {
    "schema-version": "1.12.0",
    "install": {
      "cargo": {
        "pkg-path": "cargo",
        "version": "^1.95.0"
      },
      "claude-code": {
        "pkg-path": "claude-code",
        "pkg-group": "claude-code",
        "version": "^2.1.158"
      },
      "clippy": {
        "pkg-path": "clippy",
        "version": "^1.95.0"
      },
      "codex": {
        "pkg-path": "codex",
        "pkg-group": "ai",
        "version": "^0.133.0"
      },
      "infer": {
        "flake": "github:inference-gateway/cli/v0.117.1"
      },
      "markdownlint-cli": {
        "pkg-path": "markdownlint-cli",
        "version": "0.48.0"
      },
      "openssl": {
        "pkg-path": "openssl",
        "version": "^3.6.2",
        "outputs": "all"
      },
      "pkg-config": {
        "pkg-path": "pkg-config",
        "version": "^0.29.2",
        "outputs": "all"
      },
      "rustc": {
        "pkg-path": "rustc",
        "version": "^1.95.0",
        "outputs": "all"
      },
      "rustfmt": {
        "pkg-path": "rustfmt",
        "version": "^1.95.0"
      }
    },
    "profile": {
      "common": "  export PATH=\"$HOME/.local/bin:$PATH\"\n"
    },
    "options": {}
  },
  "packages": [
    {
      "attr_path": "codex",
      "broken": false,
      "derivation": "/nix/store/5dz189nj9xw1pqc4f7d2r9ar53id5gi4-codex-0.133.0.drv",
      "description": "Lightweight coding agent that runs in your terminal",
      "install_id": "codex",
      "license": "Apache-2.0",
      "locked_url": "https://github.com/flox/nixpkgs?rev=29916453413845e54a65b8a1cf996842300cd299",
      "name": "codex-0.133.0",
      "pname": "codex",
      "rev": "29916453413845e54a65b8a1cf996842300cd299",
      "rev_count": 1003640,
      "rev_date": "2026-05-23T03:54:30Z",
      "scrape_date": "2026-05-24T07:05:50.764279Z",
      "stabilities": [
        "unstable"
      ],
      "unfree": false,
      "version": "0.133.0",
      "outputs_to_install": [
        "out"
      ],
      "outputs": {
        "out": "/nix/store/3989mh54c44d6lrjyrapk37187brwkgf-codex-0.133.0"
      },
      "system": "aarch64-darwin",
      "group": "ai",
      "priority": 5
    },
    {
      "attr_path": "codex",
      "broken": false,
      "derivation": "/nix/store/8ihs927bfq5g61psjhjj4adf6w5y35px-codex-0.133.0.drv",
      "description": "Lightweight coding agent that runs in your terminal",
      "install_id": "codex",
      "license": "Apache-2.0",
      "locked_url": "https://github.com/flox/nixpkgs?rev=29916453413845e54a65b8a1cf996842300cd299",
      "name": "codex-0.133.0",
      "pname": "codex",
      "rev": "29916453413845e54a65b8a1cf996842300cd299",
      "rev_count": 1003640,
      "rev_date": "2026-05-23T03:54:30Z",
      "scrape_date": "2026-05-24T07:34:04.560076Z",
      "stabilities": [
        "unstable"
      ],
      "unfree": false,
      "version": "0.133.0",
      "outputs_to_install": [
        "out"
      ],
      "outputs": {
        "out": "/nix/store/4jgv6y03chvad2qh77xnbi9805vdb8sc-codex-0.133.0"
      },
      "system": "aarch64-linux",
      "group": "ai",
      "priority": 5
    },
    {
      "attr_path": "codex",
      "broken": false,
      "derivation": "/nix/store/qj0s11mbagm6cda86nspd4k0008jg7k4-codex-0.133.0.drv",
      "description": "Lightweight coding agent that runs in your terminal",
      "install_id": "codex",
      "license": "Apache-2.0",
      "locked_url": "https://github.com/flox/nixpkgs?rev=29916453413845e54a65b8a1cf996842300cd299",
      "name": "codex-0.133.0",
      "pname": "codex",
      "rev": "29916453413845e54a65b8a1cf996842300cd299",
      "rev_count": 1003640,
      "rev_date": "2026-05-23T03:54:30Z",
      "scrape_date": "2026-05-24T08:01:32.382001Z",
      "stabilities": [
        "unstable"
      ],
      "unfree": false,
      "version": "0.133.0",
      "outputs_to_install": [
        "out"
      ],
      "outputs": {
        "out": "/nix/store/mb01qnylk0q6vdzq6v6wlkw4w0pmd1fl-codex-0.133.0"
      },
      "system": "x86_64-darwin",
      "group": "ai",
      "priority": 5
    },
    {
      "attr_path": "codex",
      "broken": false,
      "derivation": "/nix/store/q7gzwxqks72r9czqxy7va057xqiji8cf-codex-0.133.0.drv",
      "description": "Lightweight coding agent that runs in your terminal",
      "install_id": "codex",
      "license": "Apache-2.0",
      "locked_url": "https://github.com/flox/nixpkgs?rev=29916453413845e54a65b8a1cf996842300cd299",
      "name": "codex-0.133.0",
      "pname": "codex",
      "rev": "29916453413845e54a65b8a1cf996842300cd299",
      "rev_count": 1003640,
      "rev_date": "2026-05-23T03:54:30Z",
      "scrape_date": "2026-05-24T08:31:55.803341Z",
      "stabilities": [
        "unstable"
      ],
      "unfree": false,
      "version": "0.133.0",
      "outputs_to_install": [
        "out"
      ],
      "outputs": {
        "out": "/nix/store/397dbj9vas9p2yb905wsnx4jvskjnx3h-codex-0.133.0"
      },
      "system": "x86_64-linux",
      "group": "ai",
      "priority": 5
    },
    {
      "attr_path": "cargo",
      "broken": false,
      "derivation": "/nix/store/04ili1yy79h13xnpghs37y28vns8r69x-cargo-1.95.0.drv",
      "description": "Downloads your Rust project's dependencies and builds your project",
      "install_id": "cargo",
      "license": "[ MIT, Apache-2.0 ]",
      "locked_url": "https://github.com/flox/nixpkgs?rev=29916453413845e54a65b8a1cf996842300cd299",
      "name": "cargo-1.95.0",
      "pname": "cargo",
      "rev": "29916453413845e54a65b8a1cf996842300cd299",
      "rev_count": 1003640,
      "rev_date": "2026-05-23T03:54:30Z",
      "scrape_date": "2026-05-24T07:05:50.468865Z",
      "stabilities": [
        "unstable"
      ],
      "unfree": false,
      "version": "1.95.0",
      "outputs_to_install": [
        "out"
      ],
      "outputs": {
        "out": "/nix/store/2vdxz4xwplgb5rgfhqr0jr85fd7qqgmb-cargo-1.95.0"
      },
      "system": "aarch64-darwin",
      "group": "toplevel",
      "priority": 5
    },
    {
      "attr_path": "cargo",
      "broken": false,
      "derivation": "/nix/store/ddzw6symm08w2hn3nghsi3gmvgyzjphb-cargo-1.95.0.drv",
      "description": "Downloads your Rust project's dependencies and builds your project",
      "install_id": "cargo",
      "license": "[ MIT, Apache-2.0 ]",
      "locked_url": "https://github.com/flox/nixpkgs?rev=29916453413845e54a65b8a1cf996842300cd299",
      "name": "cargo-1.95.0",
      "pname": "cargo",
      "rev": "29916453413845e54a65b8a1cf996842300cd299",
      "rev_count": 1003640,
      "rev_date": "2026-05-23T03:54:30Z",
      "scrape_date": "2026-05-24T07:34:04.263354Z",
      "stabilities": [
        "unstable"
      ],
      "unfree": false,
      "version": "1.95.0",
      "outputs_to_install": [
        "out"
      ],
      "outputs": {
        "out": "/nix/store/f8rxcxfwk1qhazprqnfji401x08xp9dr-cargo-1.95.0"
      },
      "system": "aarch64-linux",
      "group": "toplevel",
      "priority": 5
    },
    {
      "attr_path": "cargo",
      "broken": false,
      "derivation": "/nix/store/mdzqay9axyaj4x840qld6wq2g0ha1frw-cargo-1.95.0.drv",
      "description": "Downloads your Rust project's dependencies and builds your project",
      "install_id": "cargo",
      "license": "[ MIT, Apache-2.0 ]",
      "locked_url": "https://github.com/flox/nixpkgs?rev=29916453413845e54a65b8a1cf996842300cd299",
      "name": "cargo-1.95.0",
      "pname": "cargo",
      "rev": "29916453413845e54a65b8a1cf996842300cd299",
      "rev_count": 1003640,
      "rev_date": "2026-05-23T03:54:30Z",
      "scrape_date": "2026-05-24T08:01:32.155387Z",
      "stabilities": [
        "unstable"
      ],
      "unfree": false,
      "version": "1.95.0",
      "outputs_to_install": [
        "out"
      ],
      "outputs": {
        "out": "/nix/store/5z8rq35zk9jqnnfw4m49fwpgq7phdhai-cargo-1.95.0"
      },
      "system": "x86_64-darwin",
      "group": "toplevel",
      "priority": 5
    },
    {
      "attr_path": "cargo",
      "broken": false,
      "derivation": "/nix/store/f61lsy7bpya0azm8z6cxw05nj79g2dn9-cargo-1.95.0.drv",
      "description": "Downloads your Rust project's dependencies and builds your project",
      "install_id": "cargo",
      "license": "[ MIT, Apache-2.0 ]",
      "locked_url": "https://github.com/flox/nixpkgs?rev=29916453413845e54a65b8a1cf996842300cd299",
      "name": "cargo-1.95.0",
      "pname": "cargo",
      "rev": "29916453413845e54a65b8a1cf996842300cd299",
      "rev_count": 1003640,
      "rev_date": "2026-05-23T03:54:30Z",
      "scrape_date": "2026-05-24T08:31:55.496300Z",
      "stabilities": [
        "unstable"
      ],
      "unfree": false,
      "version": "1.95.0",
      "outputs_to_install": [
        "out"
      ],
      "outputs": {
        "out": "/nix/store/z480b23kymbmrijrl49246mrzyphli15-cargo-1.95.0"
      },
      "system": "x86_64-linux",
      "group": "toplevel",
      "priority": 5
    },
    {
      "attr_path": "clippy",
      "broken": false,
      "derivation": "/nix/store/5isy9w2vfi8fawwfyrpa5ym7zqbz2qfb-clippy-1.95.0.drv",
      "description": "Bunch of lints to catch common mistakes and improve your Rust code",
      "install_id": "clippy",
      "license": "[ MIT, Apache-2.0 ]",
      "locked_url": "https://github.com/flox/nixpkgs?rev=29916453413845e54a65b8a1cf996842300cd299",
      "name": "clippy-1.95.0",
      "pname": "clippy",
      "rev": "29916453413845e54a65b8a1cf996842300cd299",
      "rev_count": 1003640,
      "rev_date": "2026-05-23T03:54:30Z",
      "scrape_date": "2026-05-24T07:05:50.730841Z",
      "stabilities": [
        "unstable"
      ],
      "unfree": false,
      "version": "1.95.0",
      "outputs_to_install": [
        "out"
      ],
      "outputs": {
        "out": "/nix/store/zzzj3civ800ml2hv9czssyzsbfxl2ss7-clippy-1.95.0"
      },
      "system": "aarch64-darwin",
      "group": "toplevel",
      "priority": 5
    },
    {
      "attr_path": "clippy",
      "broken": false,
      "derivation": "/nix/store/01cf8xvhif784a2lkklk6ba8vabls7x0-clippy-1.95.0.drv",
      "description": "Bunch of lints to catch common mistakes and improve your Rust code",
      "install_id": "clippy",
      "license": "[ MIT, Apache-2.0 ]",
      "locked_url": "https://github.com/flox/nixpkgs?rev=29916453413845e54a65b8a1cf996842300cd299",
      "name": "clippy-1.95.0",
      "pname": "clippy",
      "rev": "29916453413845e54a65b8a1cf996842300cd299",
      "rev_count": 1003640,
      "rev_date": "2026-05-23T03:54:30Z",
      "scrape_date": "2026-05-24T07:34:04.509864Z",
      "stabilities": [
        "unstable"
      ],
      "unfree": false,
      "version": "1.95.0",
      "outputs_to_install": [
        "out"
      ],
      "outputs": {
        "debug": "/nix/store/a9j78978hxxwwbr7nbbmwl110ljsv192-clippy-1.95.0-debug",
        "out": "/nix/store/03g145gvrijz5wryc6538m3ayzgbmlq0-clippy-1.95.0"
      },
      "system": "aarch64-linux",
      "group": "toplevel",
      "priority": 5
    },
    {
      "attr_path": "clippy",
      "broken": false,
      "derivation": "/nix/store/3qlm2j9am5x989rn5hy99j3l59dkb0lk-clippy-1.95.0.drv",
      "description": "Bunch of lints to catch common mistakes and improve your Rust code",
      "install_id": "clippy",
      "license": "[ MIT, Apache-2.0 ]",
      "locked_url": "https://github.com/flox/nixpkgs?rev=29916453413845e54a65b8a1cf996842300cd299",
      "name": "clippy-1.95.0",
      "pname": "clippy",
      "rev": "29916453413845e54a65b8a1cf996842300cd299",
      "rev_count": 1003640,
      "rev_date": "2026-05-23T03:54:30Z",
      "scrape_date": "2026-05-24T08:01:32.348846Z",
      "stabilities": [
        "unstable"
      ],
      "unfree": false,
      "version": "1.95.0",
      "outputs_to_install": [
        "out"
      ],
      "outputs": {
        "out": "/nix/store/ipr8v8md5glz2c6nd1zi7193s62va753-clippy-1.95.0"
      },
      "system": "x86_64-darwin",
      "group": "toplevel",
      "priority": 5
    },
    {
      "attr_path": "clippy",
      "broken": false,
      "derivation": "/nix/store/60ir1zyzn8dj2fgn2zhy1pbgyhmf5gl5-clippy-1.95.0.drv",
      "description": "Bunch of lints to catch common mistakes and improve your Rust code",
      "install_id": "clippy",
      "license": "[ MIT, Apache-2.0 ]",
      "locked_url": "https://github.com/flox/nixpkgs?rev=29916453413845e54a65b8a1cf996842300cd299",
      "name": "clippy-1.95.0",
      "pname": "clippy",
      "rev": "29916453413845e54a65b8a1cf996842300cd299",
      "rev_count": 1003640,
      "rev_date": "2026-05-23T03:54:30Z",
      "scrape_date": "2026-05-24T08:31:55.755712Z",
      "stabilities": [
        "unstable"
      ],
      "unfree": false,
      "version": "1.95.0",
      "outputs_to_install": [
        "out"
      ],
      "outputs": {
        "debug": "/nix/store/clml4f18gybrzp40n0mhq8kv0rw98rmq-clippy-1.95.0-debug",
        "out": "/nix/store/42vpa7gg09gs6x9v4y7aizmxwmrc35ac-clippy-1.95.0"
      },
      "system": "x86_64-linux",
      "group": "toplevel",
      "priority": 5
    },
    {
      "attr_path": "markdownlint-cli",
      "broken": false,
      "derivation": "/nix/store/vn613bx62f63jrvj9lhqfnjm6m9604fj-markdownlint-cli-0.48.0.drv",
      "description": "Command line interface for MarkdownLint",
      "install_id": "markdownlint-cli",
      "license": "MIT",
      "locked_url": "https://github.com/flox/nixpkgs?rev=29916453413845e54a65b8a1cf996842300cd299",
      "name": "markdownlint-cli-0.48.0",
      "pname": "markdownlint-cli",
      "rev": "29916453413845e54a65b8a1cf996842300cd299",
      "rev_count": 1003640,
      "rev_date": "2026-05-23T03:54:30Z",
      "scrape_date": "2026-05-24T07:06:12.912643Z",
      "stabilities": [
        "unstable"
      ],
      "unfree": false,
      "version": "0.48.0",
      "outputs_to_install": [
        "out"
      ],
      "outputs": {
        "out": "/nix/store/j3p42am9dcz8zm44hic71k1cdcffyd1a-markdownlint-cli-0.48.0"
      },
      "system": "aarch64-darwin",
      "group": "toplevel",
      "priority": 5
    },
    {
      "attr_path": "markdownlint-cli",
      "broken": false,
      "derivation": "/nix/store/l9k5y4cp8i5y0x5n78bqhqi0sygsy2a2-markdownlint-cli-0.48.0.drv",
      "description": "Command line interface for MarkdownLint",
      "install_id": "markdownlint-cli",
      "license": "MIT",
      "locked_url": "https://github.com/flox/nixpkgs?rev=29916453413845e54a65b8a1cf996842300cd299",
      "name": "markdownlint-cli-0.48.0",
      "pname": "markdownlint-cli",
      "rev": "29916453413845e54a65b8a1cf996842300cd299",
      "rev_count": 1003640,
      "rev_date": "2026-05-23T03:54:30Z",
      "scrape_date": "2026-05-24T07:34:38.589451Z",
      "stabilities": [
        "unstable"
      ],
      "unfree": false,
      "version": "0.48.0",
      "outputs_to_install": [
        "out"
      ],
      "outputs": {
        "out": "/nix/store/f1zjqs6fsa76am4zziv75q9gxv2lqgf6-markdownlint-cli-0.48.0"
      },
      "system": "aarch64-linux",
      "group": "toplevel",
      "priority": 5
    },
    {
      "attr_path": "markdownlint-cli",
      "broken": false,
      "derivation": "/nix/store/yb68dnlw25z0n4xa02z9nm4wf6xvi9gf-markdownlint-cli-0.48.0.drv",
      "description": "Command line interface for MarkdownLint",
      "install_id": "markdownlint-cli",
      "license": "MIT",
      "locked_url": "https://github.com/flox/nixpkgs?rev=29916453413845e54a65b8a1cf996842300cd299",
      "name": "markdownlint-cli-0.48.0",
      "pname": "markdownlint-cli",
      "rev": "29916453413845e54a65b8a1cf996842300cd299",
      "rev_count": 1003640,
      "rev_date": "2026-05-23T03:54:30Z",
      "scrape_date": "2026-05-24T08:01:54.997748Z",
      "stabilities": [
        "unstable"
      ],
      "unfree": false,
      "version": "0.48.0",
      "outputs_to_install": [
        "out"
      ],
      "outputs": {
        "out": "/nix/store/ql50d70jz9r66a0ry0cgq8bjl1spd6zx-markdownlint-cli-0.48.0"
      },
      "system": "x86_64-darwin",
      "group": "toplevel",
      "priority": 5
    },
    {
      "attr_path": "markdownlint-cli",
      "broken": false,
      "derivation": "/nix/store/ycs1ar01r257saxvrf4kb3w3sy9llms4-markdownlint-cli-0.48.0.drv",
      "description": "Command line interface for MarkdownLint",
      "install_id": "markdownlint-cli",
      "license": "MIT",
      "locked_url": "https://github.com/flox/nixpkgs?rev=29916453413845e54a65b8a1cf996842300cd299",
      "name": "markdownlint-cli-0.48.0",
      "pname": "markdownlint-cli",
      "rev": "29916453413845e54a65b8a1cf996842300cd299",
      "rev_count": 1003640,
      "rev_date": "2026-05-23T03:54:30Z",
      "scrape_date": "2026-05-24T08:32:31.977045Z",
      "stabilities": [
        "unstable"
      ],
      "unfree": false,
      "version": "0.48.0",
      "outputs_to_install": [
        "out"
      ],
      "outputs": {
        "out": "/nix/store/0rlnhilgb2h9vjr00i3vjmqvw885dwaq-markdownlint-cli-0.48.0"
      },
      "system": "x86_64-linux",
      "group": "toplevel",
      "priority": 5
    },
    {
      "attr_path": "openssl",
      "broken": false,
      "derivation": "/nix/store/r1fqhfkxr6q1h01fv54kr7mynp0jg5wi-openssl-3.6.2.drv",
      "description": "Cryptographic library that implements the SSL and TLS protocols",
      "install_id": "openssl",
      "license": "Apache-2.0",
      "locked_url": "https://github.com/flox/nixpkgs?rev=29916453413845e54a65b8a1cf996842300cd299",
      "name": "openssl-3.6.2",
      "pname": "openssl",
      "rev": "29916453413845e54a65b8a1cf996842300cd299",
      "rev_count": 1003640,
      "rev_date": "2026-05-23T03:54:30Z",
      "scrape_date": "2026-05-24T07:06:20.362138Z",
      "stabilities": [
        "unstable"
      ],
      "unfree": false,
      "version": "3.6.2",
      "outputs_to_install": [
        "bin",
        "man"
      ],
      "outputs": {
        "bin": "/nix/store/r51ad62j4z7xzqa2svcb6d1b443kphzr-openssl-3.6.2-bin",
        "dev": "/nix/store/8g69q86jfk5rpa34gny4rh057h5yb1nw-openssl-3.6.2-dev",
        "doc": "/nix/store/jygjy36g9lqfxvvchydd1c1zjs7pmcp1-openssl-3.6.2-doc",
        "man": "/nix/store/f8c4k06h4kbcpdy4vbw8dq5xiypbhcfp-openssl-3.6.2-man",
        "out": "/nix/store/a3hhkd5vzw97issax60xx47qfnkl6ddf-openssl-3.6.2"
      },
      "system": "aarch64-darwin",
      "group": "toplevel",
      "priority": 5
    },
    {
      "attr_path": "openssl",
      "broken": false,
      "derivation": "/nix/store/g4jrp8mgfp7sp5qx8g4fp3spk2z62dh9-openssl-3.6.2.drv",
      "description": "Cryptographic library that implements the SSL and TLS protocols",
      "install_id": "openssl",
      "license": "Apache-2.0",
      "locked_url": "https://github.com/flox/nixpkgs?rev=29916453413845e54a65b8a1cf996842300cd299",
      "name": "openssl-3.6.2",
      "pname": "openssl",
      "rev": "29916453413845e54a65b8a1cf996842300cd299",
      "rev_count": 1003640,
      "rev_date": "2026-05-23T03:54:30Z",
      "scrape_date": "2026-05-24T07:34:50.100936Z",
      "stabilities": [
        "unstable"
      ],
      "unfree": false,
      "version": "3.6.2",
      "outputs_to_install": [
        "bin",
        "bin",
        "man"
      ],
      "outputs": {
        "bin": "/nix/store/qah6sg7gj1kks5qcawgkrpxlc4dlv90q-openssl-3.6.2-bin",
        "debug": "/nix/store/csb2j07fl5qx2k5qxg0bzd2dn6d97799-openssl-3.6.2-debug",
        "dev": "/nix/store/is2mz9ln2mszv2fl59wg5rr7casdqyk5-openssl-3.6.2-dev",
        "doc": "/nix/store/a3ww9j6xvhxbiadfhqspd9pbanax7mda-openssl-3.6.2-doc",
        "man": "/nix/store/6lam03sf9sngz205fmjvlnwapj0dkha3-openssl-3.6.2-man",
        "out": "/nix/store/bl7rmhhsy7vjb9qm3jfwgqpv3cn7wfb1-openssl-3.6.2"
      },
      "system": "aarch64-linux",
      "group": "toplevel",
      "priority": 5
    },
    {
      "attr_path": "openssl",
      "broken": false,
      "derivation": "/nix/store/6dkb3215v5jlnr6w720l7gfxgsvvsx6z-openssl-3.6.2.drv",
      "description": "Cryptographic library that implements the SSL and TLS protocols",
      "install_id": "openssl",
      "license": "Apache-2.0",
      "locked_url": "https://github.com/flox/nixpkgs?rev=29916453413845e54a65b8a1cf996842300cd299",
      "name": "openssl-3.6.2",
      "pname": "openssl",
      "rev": "29916453413845e54a65b8a1cf996842300cd299",
      "rev_count": 1003640,
      "rev_date": "2026-05-23T03:54:30Z",
      "scrape_date": "2026-05-24T08:02:02.773646Z",
      "stabilities": [
        "unstable"
      ],
      "unfree": false,
      "version": "3.6.2",
      "outputs_to_install": [
        "bin",
        "man"
      ],
      "outputs": {
        "bin": "/nix/store/yvchmpk2820sv464gn31gh606yj3iwaj-openssl-3.6.2-bin",
        "dev": "/nix/store/344ipmn38akr4xfnfccbpvh5d54sjjnn-openssl-3.6.2-dev",
        "doc": "/nix/store/sa017appbz8cy3lyvjc99m0y285axdas-openssl-3.6.2-doc",
        "man": "/nix/store/z7c44v0zyydx17r50k0jlp3cw7z9pdvw-openssl-3.6.2-man",
        "out": "/nix/store/ly6s18plvybyggy2m862bkdg3ghghx2j-openssl-3.6.2"
      },
      "system": "x86_64-darwin",
      "group": "toplevel",
      "priority": 5
    },
    {
      "attr_path": "openssl",
      "broken": false,
      "derivation": "/nix/store/h4fkx5vvws4bnpfhhk07k0scjymj189x-openssl-3.6.2.drv",
      "description": "Cryptographic library that implements the SSL and TLS protocols",
      "install_id": "openssl",
      "license": "Apache-2.0",
      "locked_url": "https://github.com/flox/nixpkgs?rev=29916453413845e54a65b8a1cf996842300cd299",
      "name": "openssl-3.6.2",
      "pname": "openssl",
      "rev": "29916453413845e54a65b8a1cf996842300cd299",
      "rev_count": 1003640,
      "rev_date": "2026-05-23T03:54:30Z",
      "scrape_date": "2026-05-24T08:32:43.723339Z",
      "stabilities": [
        "unstable"
      ],
      "unfree": false,
      "version": "3.6.2",
      "outputs_to_install": [
        "bin",
        "bin",
        "man"
      ],
      "outputs": {
        "bin": "/nix/store/zyrxhd7nwmkcs11m144jagxcmddw2i41-openssl-3.6.2-bin",
        "debug": "/nix/store/bw61f4m3imcwdwpc8011rj9db6pmkfdl-openssl-3.6.2-debug",
        "dev": "/nix/store/wxws7pwyzk8mbmjc1rwwwx9v184hh67v-openssl-3.6.2-dev",
        "doc": "/nix/store/davd7p64vvlg309ydxws2xc7z0ck9vvv-openssl-3.6.2-doc",
        "man": "/nix/store/lnqjx5rpvid4ancfjxln38bwswmpvg8y-openssl-3.6.2-man",
        "out": "/nix/store/y18pnbvfarnilsmgayswvi1khaw9wbsc-openssl-3.6.2"
      },
      "system": "x86_64-linux",
      "group": "toplevel",
      "priority": 5
    },
    {
      "attr_path": "pkg-config",
      "broken": false,
      "derivation": "/nix/store/spaf8jq1bx4kjig7xgf4h1l6zpwq5m8b-pkg-config-wrapper-0.29.2.drv",
      "description": "Tool that allows packages to find out information about other packages (wrapper script)",
      "install_id": "pkg-config",
      "license": "GPL-2.0-or-later",
      "locked_url": "https://github.com/flox/nixpkgs?rev=29916453413845e54a65b8a1cf996842300cd299",
      "name": "pkg-config-wrapper-0.29.2",
      "pname": "pkg-config",
      "rev": "29916453413845e54a65b8a1cf996842300cd299",
      "rev_count": 1003640,
      "rev_date": "2026-05-23T03:54:30Z",
      "scrape_date": "2026-05-24T07:06:29.083255Z",
      "stabilities": [
        "unstable"
      ],
      "unfree": false,
      "version": "0.29.2",
      "outputs_to_install": [
        "man",
        "out"
      ],
      "outputs": {
        "doc": "/nix/store/29wlw531i4q0da4maa5bab1hy8p58d6v-pkg-config-wrapper-0.29.2-doc",
        "man": "/nix/store/pk37i8cqgq803ni2gc7fx8j8dmnlq4hz-pkg-config-wrapper-0.29.2-man",
        "out": "/nix/store/lzrwr375jqhhbca116kja96xf1md83l8-pkg-config-wrapper-0.29.2"
      },
      "system": "aarch64-darwin",
      "group": "toplevel",
      "priority": 5
    },
    {
      "attr_path": "pkg-config",
      "broken": false,
      "derivation": "/nix/store/zi6fsgrz6swg8zdqqs2jq264756q5bpf-pkg-config-wrapper-0.29.2.drv",
      "description": "Tool that allows packages to find out information about other packages (wrapper script)",
      "install_id": "pkg-config",
      "license": "GPL-2.0-or-later",
      "locked_url": "https://github.com/flox/nixpkgs?rev=29916453413845e54a65b8a1cf996842300cd299",
      "name": "pkg-config-wrapper-0.29.2",
      "pname": "pkg-config",
      "rev": "29916453413845e54a65b8a1cf996842300cd299",
      "rev_count": 1003640,
      "rev_date": "2026-05-23T03:54:30Z",
      "scrape_date": "2026-05-24T07:35:02.423714Z",
      "stabilities": [
        "unstable"
      ],
      "unfree": false,
      "version": "0.29.2",
      "outputs_to_install": [
        "man",
        "out",
        "out"
      ],
      "outputs": {
        "doc": "/nix/store/h67f59js5mciz53frb0m71jlbzkvv0y2-pkg-config-wrapper-0.29.2-doc",
        "man": "/nix/store/wg08qnsfqmyy5mgx74jiid7h1bnv8a8b-pkg-config-wrapper-0.29.2-man",
        "out": "/nix/store/c7vwy0gl1q0agl2h22gi0m9dg7xxad2l-pkg-config-wrapper-0.29.2"
      },
      "system": "aarch64-linux",
      "group": "toplevel",
      "priority": 5
    },
    {
      "attr_path": "pkg-config",
      "broken": false,
      "derivation": "/nix/store/ms89yx4y91z0lhw83sf9hadqw2w5h9zx-pkg-config-wrapper-0.29.2.drv",
      "description": "Tool that allows packages to find out information about other packages (wrapper script)",
      "install_id": "pkg-config",
      "license": "GPL-2.0-or-later",
      "locked_url": "https://github.com/flox/nixpkgs?rev=29916453413845e54a65b8a1cf996842300cd299",
      "name": "pkg-config-wrapper-0.29.2",
      "pname": "pkg-config",
      "rev": "29916453413845e54a65b8a1cf996842300cd299",
      "rev_count": 1003640,
      "rev_date": "2026-05-23T03:54:30Z",
      "scrape_date": "2026-05-24T08:02:12.017562Z",
      "stabilities": [
        "unstable"
      ],
      "unfree": false,
      "version": "0.29.2",
      "outputs_to_install": [
        "man",
        "out"
      ],
      "outputs": {
        "doc": "/nix/store/lmzgf4hlx26dxbsl6hnqr0imwkygq6zb-pkg-config-wrapper-0.29.2-doc",
        "man": "/nix/store/masw8xvkn6ygkbi35myxy0ngzxknpva6-pkg-config-wrapper-0.29.2-man",
        "out": "/nix/store/8cs8a12z75g9lnpch92y1f7bb9kqmgrz-pkg-config-wrapper-0.29.2"
      },
      "system": "x86_64-darwin",
      "group": "toplevel",
      "priority": 5
    },
    {
      "attr_path": "pkg-config",
      "broken": false,
      "derivation": "/nix/store/gfzk85k58qbgzfw0ymjz8w3z8cfjf0m1-pkg-config-wrapper-0.29.2.drv",
      "description": "Tool that allows packages to find out information about other packages (wrapper script)",
      "install_id": "pkg-config",
      "license": "GPL-2.0-or-later",
      "locked_url": "https://github.com/flox/nixpkgs?rev=29916453413845e54a65b8a1cf996842300cd299",
      "name": "pkg-config-wrapper-0.29.2",
      "pname": "pkg-config",
      "rev": "29916453413845e54a65b8a1cf996842300cd299",
      "rev_count": 1003640,
      "rev_date": "2026-05-23T03:54:30Z",
      "scrape_date": "2026-05-24T08:32:55.642309Z",
      "stabilities": [
        "unstable"
      ],
      "unfree": false,
      "version": "0.29.2",
      "outputs_to_install": [
        "man",
        "out",
        "out"
      ],
      "outputs": {
        "doc": "/nix/store/lghsjphn6xrfac5q2zqnbbxvrmj6c3s7-pkg-config-wrapper-0.29.2-doc",
        "man": "/nix/store/6ki0phq7gff15ywxghxbhpcg3390x0hp-pkg-config-wrapper-0.29.2-man",
        "out": "/nix/store/1m05k7xgfnw6jc21xxk5681ni3ar97wf-pkg-config-wrapper-0.29.2"
      },
      "system": "x86_64-linux",
      "group": "toplevel",
      "priority": 5
    },
    {
      "attr_path": "rustc",
      "broken": false,
      "derivation": "/nix/store/ga3xdqky2y8bx8l0cp34yjpqwnwgfa6m-rustc-wrapper-1.95.0.drv",
      "description": "Safe, concurrent, practical language (wrapper script)",
      "install_id": "rustc",
      "license": "[ MIT, Apache-2.0 ]",
      "locked_url": "https://github.com/flox/nixpkgs?rev=29916453413845e54a65b8a1cf996842300cd299",
      "name": "rustc-wrapper-1.95.0",
      "pname": "rustc",
      "rev": "29916453413845e54a65b8a1cf996842300cd299",
      "rev_count": 1003640,
      "rev_date": "2026-05-23T03:54:30Z",
      "scrape_date": "2026-05-24T07:07:23.369208Z",
      "stabilities": [
        "unstable"
      ],
      "unfree": false,
      "version": "1.95.0",
      "outputs_to_install": [
        "man",
        "out"
      ],
      "outputs": {
        "doc": "/nix/store/2wiph2c9mpr0gbgan0ixpnr51pdfhlhj-rustc-wrapper-1.95.0-doc",
        "man": "/nix/store/zwylsaxwxgmbl38n3n38ym2yp8d4vh3l-rustc-wrapper-1.95.0-man",
        "out": "/nix/store/z8dhxkw9d2bclp4hj4byyxmbihr8w4an-rustc-wrapper-1.95.0"
      },
      "system": "aarch64-darwin",
      "group": "toplevel",
      "priority": 5
    },
    {
      "attr_path": "rustc",
      "broken": false,
      "derivation": "/nix/store/31cmzg65yvkdiy8jq66q84mxkbfqvagx-rustc-wrapper-1.95.0.drv",
      "description": "Safe, concurrent, practical language (wrapper script)",
      "install_id": "rustc",
      "license": "[ MIT, Apache-2.0 ]",
      "locked_url": "https://github.com/flox/nixpkgs?rev=29916453413845e54a65b8a1cf996842300cd299",
      "name": "rustc-wrapper-1.95.0",
      "pname": "rustc",
      "rev": "29916453413845e54a65b8a1cf996842300cd299",
      "rev_count": 1003640,
      "rev_date": "2026-05-23T03:54:30Z",
      "scrape_date": "2026-05-24T07:36:14.078872Z",
      "stabilities": [
        "unstable"
      ],
      "unfree": false,
      "version": "1.95.0",
      "outputs_to_install": [
        "man",
        "out"
      ],
      "outputs": {
        "doc": "/nix/store/wqzfi80f80r689n3knjqsn31zqz68z4q-rustc-wrapper-1.95.0-doc",
        "man": "/nix/store/p3azdhlb0nk5kz1wqc22v7srwsb37m24-rustc-wrapper-1.95.0-man",
        "out": "/nix/store/nh052ln9q9r24p3rb6zxiqqjy4anxa56-rustc-wrapper-1.95.0"
      },
      "system": "aarch64-linux",
      "group": "toplevel",
      "priority": 5
    },
    {
      "attr_path": "rustc",
      "broken": false,
      "derivation": "/nix/store/52f1rv87m574qginv1djl7daf3zvd20v-rustc-wrapper-1.95.0.drv",
      "description": "Safe, concurrent, practical language (wrapper script)",
      "install_id": "rustc",
      "license": "[ MIT, Apache-2.0 ]",
      "locked_url": "https://github.com/flox/nixpkgs?rev=29916453413845e54a65b8a1cf996842300cd299",
      "name": "rustc-wrapper-1.95.0",
      "pname": "rustc",
      "rev": "29916453413845e54a65b8a1cf996842300cd299",
      "rev_count": 1003640,
      "rev_date": "2026-05-23T03:54:30Z",
      "scrape_date": "2026-05-24T08:03:06.693971Z",
      "stabilities": [
        "unstable"
      ],
      "unfree": false,
      "version": "1.95.0",
      "outputs_to_install": [
        "man",
        "out"
      ],
      "outputs": {
        "doc": "/nix/store/z0jj0z80mr79c8z5mrw8k8rmp9jn43zh-rustc-wrapper-1.95.0-doc",
        "man": "/nix/store/2cvnw62k02n4afiahfrip1ambv8c2489-rustc-wrapper-1.95.0-man",
        "out": "/nix/store/6b0k5kdmlfl91qa8mk3ssfgvskqkvy4r-rustc-wrapper-1.95.0"
      },
      "system": "x86_64-darwin",
      "group": "toplevel",
      "priority": 5
    },
    {
      "attr_path": "rustc",
      "broken": false,
      "derivation": "/nix/store/hz2z45zb9m1m6681n1qpcq2k6b63ardp-rustc-wrapper-1.95.0.drv",
      "description": "Safe, concurrent, practical language (wrapper script)",
      "install_id": "rustc",
      "license": "[ MIT, Apache-2.0 ]",
      "locked_url": "https://github.com/flox/nixpkgs?rev=29916453413845e54a65b8a1cf996842300cd299",
      "name": "rustc-wrapper-1.95.0",
      "pname": "rustc",
      "rev": "29916453413845e54a65b8a1cf996842300cd299",
      "rev_count": 1003640,
      "rev_date": "2026-05-23T03:54:30Z",
      "scrape_date": "2026-05-24T08:34:04.743640Z",
      "stabilities": [
        "unstable"
      ],
      "unfree": false,
      "version": "1.95.0",
      "outputs_to_install": [
        "man",
        "out"
      ],
      "outputs": {
        "doc": "/nix/store/m4rhqgg9qqkjy7zv9jg4z21fm92y82r2-rustc-wrapper-1.95.0-doc",
        "man": "/nix/store/ivd567y3li0c80h3z5w77nh8m1ga340h-rustc-wrapper-1.95.0-man",
        "out": "/nix/store/wnhmqix7bippbbzasj29qiyb422g9asg-rustc-wrapper-1.95.0"
      },
      "system": "x86_64-linux",
      "group": "toplevel",
      "priority": 5
    },
    {
      "attr_path": "rustfmt",
      "broken": false,
      "derivation": "/nix/store/j8864zjq9m4n4ls5r4g8yyhr78zk6923-rustfmt-1.95.0.drv",
      "description": "Tool for formatting Rust code according to style guidelines",
      "install_id": "rustfmt",
      "license": "[ MIT, Apache-2.0 ]",
      "locked_url": "https://github.com/flox/nixpkgs?rev=29916453413845e54a65b8a1cf996842300cd299",
      "name": "rustfmt-1.95.0",
      "pname": "rustfmt",
      "rev": "29916453413845e54a65b8a1cf996842300cd299",
      "rev_count": 1003640,
      "rev_date": "2026-05-23T03:54:30Z",
      "scrape_date": "2026-05-24T07:07:23.396359Z",
      "stabilities": [
        "unstable"
      ],
      "unfree": false,
      "version": "1.95.0",
      "outputs_to_install": [
        "out"
      ],
      "outputs": {
        "out": "/nix/store/mpb5lx4grh44xg95mim3f2sbarwl13hv-rustfmt-1.95.0"
      },
      "system": "aarch64-darwin",
      "group": "toplevel",
      "priority": 5
    },
    {
      "attr_path": "rustfmt",
      "broken": false,
      "derivation": "/nix/store/1mzq7dy87b64x2lyb2d1fzpwsh5ywxz6-rustfmt-1.95.0.drv",
      "description": "Tool for formatting Rust code according to style guidelines",
      "install_id": "rustfmt",
      "license": "[ MIT, Apache-2.0 ]",
      "locked_url": "https://github.com/flox/nixpkgs?rev=29916453413845e54a65b8a1cf996842300cd299",
      "name": "rustfmt-1.95.0",
      "pname": "rustfmt",
      "rev": "29916453413845e54a65b8a1cf996842300cd299",
      "rev_count": 1003640,
      "rev_date": "2026-05-23T03:54:30Z",
      "scrape_date": "2026-05-24T07:36:14.112044Z",
      "stabilities": [
        "unstable"
      ],
      "unfree": false,
      "version": "1.95.0",
      "outputs_to_install": [
        "out"
      ],
      "outputs": {
        "out": "/nix/store/lyppkpp50famfpbbmmravahq85rjbz48-rustfmt-1.95.0"
      },
      "system": "aarch64-linux",
      "group": "toplevel",
      "priority": 5
    },
    {
      "attr_path": "rustfmt",
      "broken": false,
      "derivation": "/nix/store/yk6r3rsygar3k2iw9iwl7vx43ihpfg4y-rustfmt-1.95.0.drv",
      "description": "Tool for formatting Rust code according to style guidelines",
      "install_id": "rustfmt",
      "license": "[ MIT, Apache-2.0 ]",
      "locked_url": "https://github.com/flox/nixpkgs?rev=29916453413845e54a65b8a1cf996842300cd299",
      "name": "rustfmt-1.95.0",
      "pname": "rustfmt",
      "rev": "29916453413845e54a65b8a1cf996842300cd299",
      "rev_count": 1003640,
      "rev_date": "2026-05-23T03:54:30Z",
      "scrape_date": "2026-05-24T08:03:06.718170Z",
      "stabilities": [
        "unstable"
      ],
      "unfree": false,
      "version": "1.95.0",
      "outputs_to_install": [
        "out"
      ],
      "outputs": {
        "out": "/nix/store/3w8bdmiz9xjr7yyggvpkf60pg8rm8km3-rustfmt-1.95.0"
      },
      "system": "x86_64-darwin",
      "group": "toplevel",
      "priority": 5
    },
    {
      "attr_path": "rustfmt",
      "broken": false,
      "derivation": "/nix/store/3vypbsj8kvajnp58il4718mp498id4k0-rustfmt-1.95.0.drv",
      "description": "Tool for formatting Rust code according to style guidelines",
      "install_id": "rustfmt",
      "license": "[ MIT, Apache-2.0 ]",
      "locked_url": "https://github.com/flox/nixpkgs?rev=29916453413845e54a65b8a1cf996842300cd299",
      "name": "rustfmt-1.95.0",
      "pname": "rustfmt",
      "rev": "29916453413845e54a65b8a1cf996842300cd299",
      "rev_count": 1003640,
      "rev_date": "2026-05-23T03:54:30Z",
      "scrape_date": "2026-05-24T08:34:04.775751Z",
      "stabilities": [
        "unstable"
      ],
      "unfree": false,
      "version": "1.95.0",
      "outputs_to_install": [
        "out"
      ],
      "outputs": {
        "out": "/nix/store/1x0ba5x31jqzhhk02qz4lxkznmp6q3nl-rustfmt-1.95.0"
      },
      "system": "x86_64-linux",
      "group": "toplevel",
      "priority": 5
    },
    {
      "attr_path": "claude-code",
      "broken": false,
      "derivation": "/nix/store/ignv04676bhp0rhva5sa1p7pkbk91xv6-claude-code-2.1.158.drv",
      "description": "Agentic coding tool that lives in your terminal, understands your codebase, and helps you code faster",
      "install_id": "claude-code",
      "license": "Unfree",
      "locked_url": "https://github.com/flox/nixpkgs?rev=331800de5053fcebacf6813adb5db9c9dca22a0c",
      "name": "claude-code-2.1.158",
      "pname": "claude-code",
      "rev": "331800de5053fcebacf6813adb5db9c9dca22a0c",
      "rev_count": 1008282,
      "rev_date": "2026-05-31T16:09:29Z",
      "scrape_date": "2026-06-02T08:55:40.213722Z",
      "stabilities": [
        "unstable"
      ],
      "unfree": true,
      "version": "2.1.158",
      "outputs_to_install": [
        "out"
      ],
      "outputs": {
        "out": "/nix/store/lzgcgcrdgs8s4swv8qfb12apphkapamw-claude-code-2.1.158"
      },
      "system": "aarch64-darwin",
      "group": "claude-code",
      "priority": 5
    },
    {
      "attr_path": "claude-code",
      "broken": false,
      "derivation": "/nix/store/jiiad9kkqaz3a4sy6f8570x657qkanja-claude-code-2.1.158.drv",
      "description": "Agentic coding tool that lives in your terminal, understands your codebase, and helps you code faster",
      "install_id": "claude-code",
      "license": "Unfree",
      "locked_url": "https://github.com/flox/nixpkgs?rev=331800de5053fcebacf6813adb5db9c9dca22a0c",
      "name": "claude-code-2.1.158",
      "pname": "claude-code",
      "rev": "331800de5053fcebacf6813adb5db9c9dca22a0c",
      "rev_count": 1008282,
      "rev_date": "2026-05-31T16:09:29Z",
      "scrape_date": "2026-06-02T09:40:19.388977Z",
      "stabilities": [
        "unstable"
      ],
      "unfree": true,
      "version": "2.1.158",
      "outputs_to_install": [
        "out"
      ],
      "outputs": {
        "out": "/nix/store/vgjbba0zydq7cgc622wa1yrm12frnfb9-claude-code-2.1.158"
      },
      "system": "aarch64-linux",
      "group": "claude-code",
      "priority": 5
    },
    {
      "attr_path": "claude-code",
      "broken": false,
      "derivation": "/nix/store/fmydk5qjafp19cm5hkr8g7i89psm237y-claude-code-2.1.158.drv",
      "description": "Agentic coding tool that lives in your terminal, understands your codebase, and helps you code faster",
      "install_id": "claude-code",
      "license": "Unfree",
      "locked_url": "https://github.com/flox/nixpkgs?rev=331800de5053fcebacf6813adb5db9c9dca22a0c",
      "name": "claude-code-2.1.158",
      "pname": "claude-code",
      "rev": "331800de5053fcebacf6813adb5db9c9dca22a0c",
      "rev_count": 1008282,
      "rev_date": "2026-05-31T16:09:29Z",
      "scrape_date": "2026-06-02T10:24:47.406140Z",
      "stabilities": [
        "unstable"
      ],
      "unfree": true,
      "version": "2.1.158",
      "outputs_to_install": [
        "out"
      ],
      "outputs": {
        "out": "/nix/store/8lidks21j8vr5zy1k7gbz9nrvm34q1sk-claude-code-2.1.158"
      },
      "system": "x86_64-darwin",
      "group": "claude-code",
      "priority": 5
    },
    {
      "attr_path": "claude-code",
      "broken": false,
      "derivation": "/nix/store/s49lw13idqgq9khsfp38salvxbvlqpb9-claude-code-2.1.158.drv",
      "description": "Agentic coding tool that lives in your terminal, understands your codebase, and helps you code faster",
      "install_id": "claude-code",
      "license": "Unfree",
      "locked_url": "https://github.com/flox/nixpkgs?rev=331800de5053fcebacf6813adb5db9c9dca22a0c",
      "name": "claude-code-2.1.158",
      "pname": "claude-code",
      "rev": "331800de5053fcebacf6813adb5db9c9dca22a0c",
      "rev_count": 1008282,
      "rev_date": "2026-05-31T16:09:29Z",
      "scrape_date": "2026-06-02T11:06:42.968405Z",
      "stabilities": [
        "unstable"
      ],
      "unfree": true,
      "version": "2.1.158",
      "outputs_to_install": [
        "out"
      ],
      "outputs": {
        "out": "/nix/store/adxi8k34iwjvy9kdmdpi087cmcpywi30-claude-code-2.1.158"
      },
      "system": "x86_64-linux",
      "group": "claude-code",
      "priority": 5
    },
    {
      "install_id": "infer",
      "locked-url": "github:inference-gateway/cli/7191553c962d5b092043b68b187498e68eb6a015?narHash=sha256-3J7iYBgzEBOAFLMhl/xCaiV0wxYbT/bYVQJmG6z78rQ%3D",
      "flake-description": "Inference Gateway CLI - infer",
      "locked-flake-attr-path": "packages.aarch64-darwin.default",
      "derivation": "/nix/store/nr8dql549cxs18vg2z0gmxha9kzkgs6z-infer-0.117.1.drv",
      "outputs": {
        "out": "/nix/store/gxhml24d33rvjx2nrz2x29kfjraaq6p5-infer-0.117.1"
      },
      "output-names": [
        "out"
      ],
      "outputs-to-install": [
        "out"
      ],
      "requested-outputs-to-install": [],
      "package-system": "aarch64-darwin",
      "system": "aarch64-darwin",
      "name": "infer-0.117.1",
      "pname": "infer",
      "version": "0.117.1",
      "description": "Command-line interface for the Inference Gateway - AI model interaction manager",
      "licenses": [
        "MIT"
      ],
      "broken": false,
      "unfree": false,
      "priority": 5
    },
    {
      "install_id": "infer",
      "locked-url": "github:inference-gateway/cli/7191553c962d5b092043b68b187498e68eb6a015?narHash=sha256-3J7iYBgzEBOAFLMhl/xCaiV0wxYbT/bYVQJmG6z78rQ%3D",
      "flake-description": "Inference Gateway CLI - infer",
      "locked-flake-attr-path": "packages.aarch64-linux.default",
      "derivation": "/nix/store/vy88yjvjybqb9gx569g5zvznakmfs3w6-infer-0.117.1.drv",
      "outputs": {
        "out": "/nix/store/c0xq5kn54vb8lbwdayjlrfrwkiim31zh-infer-0.117.1"
      },
      "output-names": [
        "out"
      ],
      "outputs-to-install": [
        "out"
      ],
      "requested-outputs-to-install": [],
      "package-system": "aarch64-linux",
      "system": "aarch64-linux",
      "name": "infer-0.117.1",
      "pname": "infer",
      "version": "0.117.1",
      "description": "Command-line interface for the Inference Gateway - AI model interaction manager",
      "licenses": [
        "MIT"
      ],
      "broken": false,
      "unfree": false,
      "priority": 5
    },
    {
      "install_id": "infer",
      "locked-url": "github:inference-gateway/cli/7191553c962d5b092043b68b187498e68eb6a015?narHash=sha256-3J7iYBgzEBOAFLMhl/xCaiV0wxYbT/bYVQJmG6z78rQ%3D",
      "flake-description": "Inference Gateway CLI - infer",
      "locked-flake-attr-path": "packages.x86_64-darwin.default",
      "derivation": "/nix/store/1hp5h4vfwqsiknhdiyyg3sjda2z6f0w3-infer-0.117.1.drv",
      "outputs": {
        "out": "/nix/store/qjb2xsfkdlymwqkhcggychi4m6wpxq5k-infer-0.117.1"
      },
      "output-names": [
        "out"
      ],
      "outputs-to-install": [
        "out"
      ],
      "requested-outputs-to-install": [],
      "package-system": "x86_64-darwin",
      "system": "x86_64-darwin",
      "name": "infer-0.117.1",
      "pname": "infer",
      "version": "0.117.1",
      "description": "Command-line interface for the Inference Gateway - AI model interaction manager",
      "licenses": [
        "MIT"
      ],
      "broken": false,
      "unfree": false,
      "priority": 5
    },
    {
      "install_id": "infer",
      "locked-url": "github:inference-gateway/cli/7191553c962d5b092043b68b187498e68eb6a015?narHash=sha256-3J7iYBgzEBOAFLMhl/xCaiV0wxYbT/bYVQJmG6z78rQ%3D",
      "flake-description": "Inference Gateway CLI - infer",
      "locked-flake-attr-path": "packages.x86_64-linux.default",
      "derivation": "/nix/store/z5nrhfzh86jgnj69icc0204ygsyps54h-infer-0.117.1.drv",
      "outputs": {
        "out": "/nix/store/ydp8hrn71zwlp7qnxzk4lsdz083n7mcs-infer-0.117.1"
      },
      "output-names": [
        "out"
      ],
      "outputs-to-install": [
        "out"
      ],
      "requested-outputs-to-install": [],
      "package-system": "x86_64-linux",
      "system": "x86_64-linux",
      "name": "infer-0.117.1",
      "pname": "infer",
      "version": "0.117.1",
      "description": "Command-line interface for the Inference Gateway - AI model interaction manager",
      "licenses": [
        "MIT"
      ],
      "broken": false,
      "unfree": false,
      "priority": 5
    }
  ]
}
